// !$*UTF8*$!
{
	archiveVersion = 1;
	classes = {
	};
	objectVersion = 48;
	objects = {

/* Begin PBXBuildFile section */
		476D1F580F88C4FE12C112C7 /* Pods_EscaPAID_Renaissance.framework in Frameworks */ = {isa = PBXBuildFile; fileRef = 1774701BBEF4FE165FA75190 /* Pods_EscaPAID_Renaissance.framework */; };
		893A8D9138B742B129609914 /* Pods_EscaPAID_Tellomee.framework in Frameworks */ = {isa = PBXBuildFile; fileRef = F24DF35A82A749B51048B357 /* Pods_EscaPAID_Tellomee.framework */; };
		E712DE4420154F1C00661DE7 /* DaySelectorTableVC.swift in Sources */ = {isa = PBXBuildFile; fileRef = E712DE4320154F1C00661DE7 /* DaySelectorTableVC.swift */; };
		E712DE462015622500661DE7 /* Days.swift in Sources */ = {isa = PBXBuildFile; fileRef = E712DE452015622500661DE7 /* Days.swift */; };
		E71F33A520017CAA00312B91 /* TextGetterController.swift in Sources */ = {isa = PBXBuildFile; fileRef = E71F33A320017CAA00312B91 /* TextGetterController.swift */; };
		E71F33A620017CAA00312B91 /* TextGetter.xib in Resources */ = {isa = PBXBuildFile; fileRef = E71F33A420017CAA00312B91 /* TextGetter.xib */; };
		E71F33A82004509800312B91 /* TabBarController.swift in Sources */ = {isa = PBXBuildFile; fileRef = E71F33A72004509800312B91 /* TabBarController.swift */; };
		E71F33AA2004650800312B91 /* ExperienceEditorTableVC.swift in Sources */ = {isa = PBXBuildFile; fileRef = E71F33A92004650800312B91 /* ExperienceEditorTableVC.swift */; };
		E7238A642022521400496FBC /* UICalendar.xib in Resources */ = {isa = PBXBuildFile; fileRef = E7238A632022521400496FBC /* UICalendar.xib */; };
		E7238A662022524300496FBC /* UICalendar.swift in Sources */ = {isa = PBXBuildFile; fileRef = E7238A652022524300496FBC /* UICalendar.swift */; };
		E7238A682022699C00496FBC /* DateCell.xib in Resources */ = {isa = PBXBuildFile; fileRef = E7238A672022699C00496FBC /* DateCell.xib */; };
		E723DD871FC3E17800B4345E /* Thread.swift in Sources */ = {isa = PBXBuildFile; fileRef = E723DD861FC3E17800B4345E /* Thread.swift */; };
		E728EA35202BB6C30041F6AC /* ReceiptTableVC.swift in Sources */ = {isa = PBXBuildFile; fileRef = E728EA34202BB6C30041F6AC /* ReceiptTableVC.swift */; };
		E72B24891FC6539A00DE0897 /* DiscoverVC.swift in Sources */ = {isa = PBXBuildFile; fileRef = E72B24881FC6539A00DE0897 /* DiscoverVC.swift */; };
		E72B248F1FC65B3800DE0897 /* Experience.swift in Sources */ = {isa = PBXBuildFile; fileRef = E72B248E1FC65B3800DE0897 /* Experience.swift */; };
		E72D8E531FBCC5C1001026D6 /* LoginVC.swift in Sources */ = {isa = PBXBuildFile; fileRef = E72D8E521FBCC5C1001026D6 /* LoginVC.swift */; };
		E72F64471FBBB22B0023489D /* Podfile in Resources */ = {isa = PBXBuildFile; fileRef = E72F64461FBBB22B0023489D /* Podfile */; };
		E732DA931FC8DCC400BCF691 /* ThreadsNavigationController.swift in Sources */ = {isa = PBXBuildFile; fileRef = E732DA921FC8DCC400BCF691 /* ThreadsNavigationController.swift */; };
		E73BDABF1FFD52D800D1F209 /* ProfileEditorTableVC.swift in Sources */ = {isa = PBXBuildFile; fileRef = E73BDABE1FFD52D800D1F209 /* ProfileEditorTableVC.swift */; };
		E74549921FB758B300A6A32C /* ChatTableViewCell.swift in Sources */ = {isa = PBXBuildFile; fileRef = E74549911FB758B300A6A32C /* ChatTableViewCell.swift */; };
		E74549941FB78AE200A6A32C /* User.swift in Sources */ = {isa = PBXBuildFile; fileRef = E74549931FB78AE200A6A32C /* User.swift */; };
		E745499A1FB8B1BE00A6A32C /* ThreadTableViewCell.swift in Sources */ = {isa = PBXBuildFile; fileRef = E74549991FB8B1BE00A6A32C /* ThreadTableViewCell.swift */; };
		E751E0E31FD3319400CBB416 /* SettingsTableVC.swift in Sources */ = {isa = PBXBuildFile; fileRef = E751E0E21FD3319400CBB416 /* SettingsTableVC.swift */; };
		E77077321FBD0F7F00B3F2E1 /* CreateAccountVC.swift in Sources */ = {isa = PBXBuildFile; fileRef = E77077311FBD0F7F00B3F2E1 /* CreateAccountVC.swift */; };
		E77077341FBD179C00B3F2E1 /* OriginScreenVC.swift in Sources */ = {isa = PBXBuildFile; fileRef = E77077331FBD179C00B3F2E1 /* OriginScreenVC.swift */; };
		E774C83C2037877E00F98EB2 /* FavoritesTableVC.swift in Sources */ = {isa = PBXBuildFile; fileRef = E774C83B2037877E00F98EB2 /* FavoritesTableVC.swift */; };
		E774C83E203A1B4E00F98EB2 /* Book.storyboard in Resources */ = {isa = PBXBuildFile; fileRef = E774C83D203A1B4E00F98EB2 /* Book.storyboard */; };
		E77A7369204875A200AE0DE4 /* ThreadManager.swift in Sources */ = {isa = PBXBuildFile; fileRef = E77A7363204875A100AE0DE4 /* ThreadManager.swift */; };
		E77A736A204875A200AE0DE4 /* StorageManager.swift in Sources */ = {isa = PBXBuildFile; fileRef = E77A7364204875A100AE0DE4 /* StorageManager.swift */; };
		E77A736B204875A200AE0DE4 /* PostManager.swift in Sources */ = {isa = PBXBuildFile; fileRef = E77A7365204875A100AE0DE4 /* PostManager.swift */; };
		E77A736D204875A200AE0DE4 /* ReservationManager.swift in Sources */ = {isa = PBXBuildFile; fileRef = E77A7367204875A200AE0DE4 /* ReservationManager.swift */; };
		E77A736E204875A200AE0DE4 /* ExperienceManager.swift in Sources */ = {isa = PBXBuildFile; fileRef = E77A7368204875A200AE0DE4 /* ExperienceManager.swift */; };
		E783B9952087DDDF00F2F769 /* ThemedLabel.swift in Sources */ = {isa = PBXBuildFile; fileRef = E783B9942087DDDF00F2F769 /* ThemedLabel.swift */; };
		E783B9962087DDDF00F2F769 /* ThemedLabel.swift in Sources */ = {isa = PBXBuildFile; fileRef = E783B9942087DDDF00F2F769 /* ThemedLabel.swift */; };
		E783B9982087E7A400F2F769 /* ThemedButton.swift in Sources */ = {isa = PBXBuildFile; fileRef = E783B9972087E7A400F2F769 /* ThemedButton.swift */; };
		E783B9992087E7A400F2F769 /* ThemedButton.swift in Sources */ = {isa = PBXBuildFile; fileRef = E783B9972087E7A400F2F769 /* ThemedButton.swift */; };
		E783B99B2088F60600F2F769 /* HexagonalImageView.swift in Sources */ = {isa = PBXBuildFile; fileRef = E783B99A2088F60600F2F769 /* HexagonalImageView.swift */; };
		E783B99C2088F60600F2F769 /* HexagonalImageView.swift in Sources */ = {isa = PBXBuildFile; fileRef = E783B99A2088F60600F2F769 /* HexagonalImageView.swift */; };
		E783B99E2088F67400F2F769 /* Utils.swift in Sources */ = {isa = PBXBuildFile; fileRef = E783B99D2088F67400F2F769 /* Utils.swift */; };
		E783B99F2088F67400F2F769 /* Utils.swift in Sources */ = {isa = PBXBuildFile; fileRef = E783B99D2088F67400F2F769 /* Utils.swift */; };
		E783B9A4208A2E2800F2F769 /* CircularImageView.swift in Sources */ = {isa = PBXBuildFile; fileRef = E783B9A3208A2E2800F2F769 /* CircularImageView.swift */; };
		E783B9A5208A2E2800F2F769 /* CircularImageView.swift in Sources */ = {isa = PBXBuildFile; fileRef = E783B9A3208A2E2800F2F769 /* CircularImageView.swift */; };
		E79770E52043816700B2206C /* MainAPIClient.swift in Sources */ = {isa = PBXBuildFile; fileRef = E79770E42043816700B2206C /* MainAPIClient.swift */; };
		E79770E82044774100B2206C /* UIAlertController+Utility.swift in Sources */ = {isa = PBXBuildFile; fileRef = E79770E72044774000B2206C /* UIAlertController+Utility.swift */; };
		E79ADAFA2071BFD400C02C0A /* UILabel+Utility.swift in Sources */ = {isa = PBXBuildFile; fileRef = E79ADAF92071BFD400C02C0A /* UILabel+Utility.swift */; };
		E79ADAFB2071E5D100C02C0A /* UILabel+Utility.swift in Sources */ = {isa = PBXBuildFile; fileRef = E79ADAF92071BFD400C02C0A /* UILabel+Utility.swift */; };
		E79ADAFD20743F8500C02C0A /* UIScrollingViewController.swift in Sources */ = {isa = PBXBuildFile; fileRef = E79ADAFC20743F8500C02C0A /* UIScrollingViewController.swift */; };
		E79ADAFE20743F8500C02C0A /* UIScrollingViewController.swift in Sources */ = {isa = PBXBuildFile; fileRef = E79ADAFC20743F8500C02C0A /* UIScrollingViewController.swift */; };
		E79ADB1820751BDE00C02C0A /* Montserrat-Regular.ttf in Resources */ = {isa = PBXBuildFile; fileRef = E79ADB0320751BBD00C02C0A /* Montserrat-Regular.ttf */; };
		E79ADB1920751BDE00C02C0A /* Montserrat-Regular.ttf in Resources */ = {isa = PBXBuildFile; fileRef = E79ADB0320751BBD00C02C0A /* Montserrat-Regular.ttf */; };
		E79ADB3220751BDE00C02C0A /* Montserrat-Light.ttf in Resources */ = {isa = PBXBuildFile; fileRef = E79ADB1020751BD900C02C0A /* Montserrat-Light.ttf */; };
		E79ADB3320751BDE00C02C0A /* Montserrat-Light.ttf in Resources */ = {isa = PBXBuildFile; fileRef = E79ADB1020751BD900C02C0A /* Montserrat-Light.ttf */; };
		E79ADB4F20751C4500C02C0A /* Lato-Regular.ttf in Resources */ = {isa = PBXBuildFile; fileRef = E79ADB3E20751C4500C02C0A /* Lato-Regular.ttf */; };
		E79ADB5020751C4500C02C0A /* Lato-Regular.ttf in Resources */ = {isa = PBXBuildFile; fileRef = E79ADB3E20751C4500C02C0A /* Lato-Regular.ttf */; };
		E79D653C1FE9CD0000267E0C /* SelfContainedPickerView.swift in Sources */ = {isa = PBXBuildFile; fileRef = E79D653B1FE9CD0000267E0C /* SelfContainedPickerView.swift */; };
		E79F05C42059700400889D14 /* ExperienceImageCell.swift in Sources */ = {isa = PBXBuildFile; fileRef = E7D316A91FD08EF60062E178 /* ExperienceImageCell.swift */; };
		E79F05C52059700400889D14 /* DateCell.swift in Sources */ = {isa = PBXBuildFile; fileRef = E7B94FA620195F4D00C5FBCB /* DateCell.swift */; };
		E79F05C62059700400889D14 /* MainAPIClient.swift in Sources */ = {isa = PBXBuildFile; fileRef = E79770E42043816700B2206C /* MainAPIClient.swift */; };
		E79F05C72059700400889D14 /* ReservationVC.swift in Sources */ = {isa = PBXBuildFile; fileRef = E7B94FA420195C1E00C5FBCB /* ReservationVC.swift */; };
		E79F05C92059700400889D14 /* ExperienceManager.swift in Sources */ = {isa = PBXBuildFile; fileRef = E77A7368204875A200AE0DE4 /* ExperienceManager.swift */; };
		E79F05CA2059700400889D14 /* UIAlertController+Utility.swift in Sources */ = {isa = PBXBuildFile; fileRef = E79770E72044774000B2206C /* UIAlertController+Utility.swift */; };
		E79F05CB2059700400889D14 /* CreateAccountVC.swift in Sources */ = {isa = PBXBuildFile; fileRef = E77077311FBD0F7F00B3F2E1 /* CreateAccountVC.swift */; };
		E79F05CC2059700400889D14 /* Constants.swift in Sources */ = {isa = PBXBuildFile; fileRef = E7D0A7831FDB573D008319CF /* Constants.swift */; };
		E79F05CD2059700400889D14 /* ExperienceVC.swift in Sources */ = {isa = PBXBuildFile; fileRef = E7E22E901FC74C9200FD88FF /* ExperienceVC.swift */; };
		E79F05CE2059700400889D14 /* ReservationsTableVC.swift in Sources */ = {isa = PBXBuildFile; fileRef = E79FA59E202A69050060B44D /* ReservationsTableVC.swift */; };
		E79F05CF2059700400889D14 /* Experience.swift in Sources */ = {isa = PBXBuildFile; fileRef = E72B248E1FC65B3800DE0897 /* Experience.swift */; };
		E79F05D02059700400889D14 /* DaySelectorTableVC.swift in Sources */ = {isa = PBXBuildFile; fileRef = E712DE4320154F1C00661DE7 /* DaySelectorTableVC.swift */; };
		E79F05D12059700400889D14 /* ReservationProcessor.swift in Sources */ = {isa = PBXBuildFile; fileRef = E79FA59420290E3D0060B44D /* ReservationProcessor.swift */; };
		E79F05D22059700400889D14 /* FirebaseManager.swift in Sources */ = {isa = PBXBuildFile; fileRef = E7F9A0851FB74CEB00916FBA /* FirebaseManager.swift */; };
		E79F05D32059700400889D14 /* ExperienceImageVC.swift in Sources */ = {isa = PBXBuildFile; fileRef = E7D316871FCF246A0062E178 /* ExperienceImageVC.swift */; };
		E79F05D42059700400889D14 /* ThreadManager.swift in Sources */ = {isa = PBXBuildFile; fileRef = E77A7363204875A100AE0DE4 /* ThreadManager.swift */; };
		E79F05D52059700400889D14 /* ThreadsTableVC.swift in Sources */ = {isa = PBXBuildFile; fileRef = E7F9A07F1FB6E1C900916FBA /* ThreadsTableVC.swift */; };
		E79F05D62059700400889D14 /* ExperienceEditorTableVC.swift in Sources */ = {isa = PBXBuildFile; fileRef = E71F33A92004650800312B91 /* ExperienceEditorTableVC.swift */; };
		E79F05D72059700400889D14 /* ProfileEditorTableVC.swift in Sources */ = {isa = PBXBuildFile; fileRef = E73BDABE1FFD52D800D1F209 /* ProfileEditorTableVC.swift */; };
		E79F05D82059700400889D14 /* SelfContainedPickerView.swift in Sources */ = {isa = PBXBuildFile; fileRef = E79D653B1FE9CD0000267E0C /* SelfContainedPickerView.swift */; };
		E79F05D92059700400889D14 /* SettingsTableVC.swift in Sources */ = {isa = PBXBuildFile; fileRef = E751E0E21FD3319400CBB416 /* SettingsTableVC.swift */; };
		E79F05DA2059700400889D14 /* User.swift in Sources */ = {isa = PBXBuildFile; fileRef = E74549931FB78AE200A6A32C /* User.swift */; };
		E79F05DB2059700400889D14 /* DiscoverVC.swift in Sources */ = {isa = PBXBuildFile; fileRef = E72B24881FC6539A00DE0897 /* DiscoverVC.swift */; };
		E79F05DC2059700400889D14 /* UICalendar.swift in Sources */ = {isa = PBXBuildFile; fileRef = E7238A652022524300496FBC /* UICalendar.swift */; };
		E79F05DD2059700400889D14 /* Reservation.swift in Sources */ = {isa = PBXBuildFile; fileRef = E79FA59620290EA50060B44D /* Reservation.swift */; };
		E79F05DE2059700400889D14 /* ChatTableViewCell.swift in Sources */ = {isa = PBXBuildFile; fileRef = E74549911FB758B300A6A32C /* ChatTableViewCell.swift */; };
		E79F05DF2059700400889D14 /* MyExperiencesTableVC.swift in Sources */ = {isa = PBXBuildFile; fileRef = E7FE89F51FCCF284008ADCEF /* MyExperiencesTableVC.swift */; };
		E79F05E02059700400889D14 /* TabBarController.swift in Sources */ = {isa = PBXBuildFile; fileRef = E71F33A72004509800312B91 /* TabBarController.swift */; };
		E79F05E12059700400889D14 /* ThreadTableViewCell.swift in Sources */ = {isa = PBXBuildFile; fileRef = E74549991FB8B1BE00A6A32C /* ThreadTableViewCell.swift */; };
		E79F05E22059700400889D14 /* ConfirmationTableVC.swift in Sources */ = {isa = PBXBuildFile; fileRef = E79FA5902025398C0060B44D /* ConfirmationTableVC.swift */; };
		E79F05E32059700400889D14 /* ChatVC.swift in Sources */ = {isa = PBXBuildFile; fileRef = E7F9A0811FB7378B00916FBA /* ChatVC.swift */; };
		E79F05E42059700400889D14 /* PostManager.swift in Sources */ = {isa = PBXBuildFile; fileRef = E77A7365204875A100AE0DE4 /* PostManager.swift */; };
		E79F05E52059700400889D14 /* LoginVC.swift in Sources */ = {isa = PBXBuildFile; fileRef = E72D8E521FBCC5C1001026D6 /* LoginVC.swift */; };
		E79F05E62059700400889D14 /* TextGetterController.swift in Sources */ = {isa = PBXBuildFile; fileRef = E71F33A320017CAA00312B91 /* TextGetterController.swift */; };
		E79F05E72059700400889D14 /* ReservationTableViewCell.swift in Sources */ = {isa = PBXBuildFile; fileRef = E79FA5A2202A6AB90060B44D /* ReservationTableViewCell.swift */; };
		E79F05E82059700400889D14 /* StorageManager.swift in Sources */ = {isa = PBXBuildFile; fileRef = E77A7364204875A100AE0DE4 /* StorageManager.swift */; };
		E79F05E92059700400889D14 /* FavoritesTableVC.swift in Sources */ = {isa = PBXBuildFile; fileRef = E774C83B2037877E00F98EB2 /* FavoritesTableVC.swift */; };
		E79F05EA2059700400889D14 /* ReservationManager.swift in Sources */ = {isa = PBXBuildFile; fileRef = E77A7367204875A200AE0DE4 /* ReservationManager.swift */; };
		E79F05EB2059700400889D14 /* OriginScreenVC.swift in Sources */ = {isa = PBXBuildFile; fileRef = E77077331FBD179C00B3F2E1 /* OriginScreenVC.swift */; };
		E79F05EC2059700400889D14 /* AppDelegate.swift in Sources */ = {isa = PBXBuildFile; fileRef = E7B9F73C1FB6CAAE0058CE61 /* AppDelegate.swift */; };
		E79F05ED2059700400889D14 /* Thread.swift in Sources */ = {isa = PBXBuildFile; fileRef = E723DD861FC3E17800B4345E /* Thread.swift */; };
		E79F05EE2059700400889D14 /* ReceiptTableVC.swift in Sources */ = {isa = PBXBuildFile; fileRef = E728EA34202BB6C30041F6AC /* ReceiptTableVC.swift */; };
		E79F05EF2059700400889D14 /* CuratorSettingsVC.swift in Sources */ = {isa = PBXBuildFile; fileRef = E7F585F71FCCDECE00536EF5 /* CuratorSettingsVC.swift */; };
		E79F05F02059700400889D14 /* Days.swift in Sources */ = {isa = PBXBuildFile; fileRef = E712DE452015622500661DE7 /* Days.swift */; };
		E79F05F12059700400889D14 /* ThreadsNavigationController.swift in Sources */ = {isa = PBXBuildFile; fileRef = E732DA921FC8DCC400BCF691 /* ThreadsNavigationController.swift */; };
		E79F05F72059700400889D14 /* TextGetter.xib in Resources */ = {isa = PBXBuildFile; fileRef = E71F33A420017CAA00312B91 /* TextGetter.xib */; };
		E79F05F82059700400889D14 /* ExperienceEditor.storyboard in Resources */ = {isa = PBXBuildFile; fileRef = E7D3D79B20362FCC00F91CC4 /* ExperienceEditor.storyboard */; };
		E79F05F92059700400889D14 /* Podfile in Resources */ = {isa = PBXBuildFile; fileRef = E72F64461FBBB22B0023489D /* Podfile */; };
		E79F05FA2059700400889D14 /* ProfileEditor.storyboard in Resources */ = {isa = PBXBuildFile; fileRef = E7D3D79520362E0E00F91CC4 /* ProfileEditor.storyboard */; };
		E79F05FD2059700400889D14 /* LaunchScreen.storyboard in Resources */ = {isa = PBXBuildFile; fileRef = E7B9F7481FB6CAAF0058CE61 /* LaunchScreen.storyboard */; };
		E79F05FF2059700400889D14 /* Reservations.storyboard in Resources */ = {isa = PBXBuildFile; fileRef = E7D3D79820362EF400F91CC4 /* Reservations.storyboard */; };
		E79F06002059700400889D14 /* DateCell.xib in Resources */ = {isa = PBXBuildFile; fileRef = E7238A672022699C00496FBC /* DateCell.xib */; };
		E79F06012059700400889D14 /* Book.storyboard in Resources */ = {isa = PBXBuildFile; fileRef = E774C83D203A1B4E00F98EB2 /* Book.storyboard */; };
		E79F06052059700400889D14 /* Assets.xcassets in Resources */ = {isa = PBXBuildFile; fileRef = E7B9F7461FB6CAAF0058CE61 /* Assets.xcassets */; };
		E79F06062059700400889D14 /* Main.storyboard in Resources */ = {isa = PBXBuildFile; fileRef = E7B9F7401FB6CAAF0058CE61 /* Main.storyboard */; };
		E79F06072059700400889D14 /* UICalendar.xib in Resources */ = {isa = PBXBuildFile; fileRef = E7238A632022521400496FBC /* UICalendar.xib */; };
		E79FA5912025398C0060B44D /* ConfirmationTableVC.swift in Sources */ = {isa = PBXBuildFile; fileRef = E79FA5902025398C0060B44D /* ConfirmationTableVC.swift */; };
		E79FA59520290E3D0060B44D /* ReservationProcessor.swift in Sources */ = {isa = PBXBuildFile; fileRef = E79FA59420290E3D0060B44D /* ReservationProcessor.swift */; };
		E79FA59720290EA50060B44D /* Reservation.swift in Sources */ = {isa = PBXBuildFile; fileRef = E79FA59620290EA50060B44D /* Reservation.swift */; };
		E79FA59F202A69050060B44D /* ReservationsTableVC.swift in Sources */ = {isa = PBXBuildFile; fileRef = E79FA59E202A69050060B44D /* ReservationsTableVC.swift */; };
		E79FA5A3202A6AB90060B44D /* ReservationTableViewCell.swift in Sources */ = {isa = PBXBuildFile; fileRef = E79FA5A2202A6AB90060B44D /* ReservationTableViewCell.swift */; };
		E7B4CDAD207BB4C400352DB1 /* CardView.swift in Sources */ = {isa = PBXBuildFile; fileRef = E7B4CDAC207BB4C400352DB1 /* CardView.swift */; };
		E7B4CDAE207BB5A500352DB1 /* CardView.swift in Sources */ = {isa = PBXBuildFile; fileRef = E7B4CDAC207BB4C400352DB1 /* CardView.swift */; };
		E7B4CDBC207C26EF00352DB1 /* ExperienceCard.swift in Sources */ = {isa = PBXBuildFile; fileRef = E7B4CDBB207C26EF00352DB1 /* ExperienceCard.swift */; };
		E7B4CDBD207C26EF00352DB1 /* ExperienceCard.swift in Sources */ = {isa = PBXBuildFile; fileRef = E7B4CDBB207C26EF00352DB1 /* ExperienceCard.swift */; };
		E7B4CDED207EBF7600352DB1 /* ExperienceCard.xib in Resources */ = {isa = PBXBuildFile; fileRef = E7B4CDEC207EBF7600352DB1 /* ExperienceCard.xib */; };
		E7B4CDEE207EBF7600352DB1 /* ExperienceCard.xib in Resources */ = {isa = PBXBuildFile; fileRef = E7B4CDEC207EBF7600352DB1 /* ExperienceCard.xib */; };
		E7B4CDF0207FFBE200352DB1 /* UIImage+Utility.swift in Sources */ = {isa = PBXBuildFile; fileRef = E7B4CDEF207FFBE200352DB1 /* UIImage+Utility.swift */; };
		E7B4CDF1207FFBE200352DB1 /* UIImage+Utility.swift in Sources */ = {isa = PBXBuildFile; fileRef = E7B4CDEF207FFBE200352DB1 /* UIImage+Utility.swift */; };
		E7B94FA520195C1E00C5FBCB /* ReservationVC.swift in Sources */ = {isa = PBXBuildFile; fileRef = E7B94FA420195C1E00C5FBCB /* ReservationVC.swift */; };
		E7B94FA720195F4D00C5FBCB /* DateCell.swift in Sources */ = {isa = PBXBuildFile; fileRef = E7B94FA620195F4D00C5FBCB /* DateCell.swift */; };
		E7B9F73D1FB6CAAE0058CE61 /* AppDelegate.swift in Sources */ = {isa = PBXBuildFile; fileRef = E7B9F73C1FB6CAAE0058CE61 /* AppDelegate.swift */; };
		E7B9F7421FB6CAAF0058CE61 /* Main.storyboard in Resources */ = {isa = PBXBuildFile; fileRef = E7B9F7401FB6CAAF0058CE61 /* Main.storyboard */; };
		E7B9F7471FB6CAAF0058CE61 /* Assets.xcassets in Resources */ = {isa = PBXBuildFile; fileRef = E7B9F7461FB6CAAF0058CE61 /* Assets.xcassets */; };
		E7B9F74A1FB6CAAF0058CE61 /* LaunchScreen.storyboard in Resources */ = {isa = PBXBuildFile; fileRef = E7B9F7481FB6CAAF0058CE61 /* LaunchScreen.storyboard */; };
		E7CB84C52075229700CB91C2 /* Montserrat-Bold.ttf in Resources */ = {isa = PBXBuildFile; fileRef = E7CB84C42075229600CB91C2 /* Montserrat-Bold.ttf */; };
		E7CB84C62075229700CB91C2 /* Montserrat-Bold.ttf in Resources */ = {isa = PBXBuildFile; fileRef = E7CB84C42075229600CB91C2 /* Montserrat-Bold.ttf */; };
		E7CF4DE0206CA31B00B7F97E /* GradientView.swift in Sources */ = {isa = PBXBuildFile; fileRef = E7CF4DDF206CA31B00B7F97E /* GradientView.swift */; };
		E7CF4DEF206D512A00B7F97E /* GradientView.swift in Sources */ = {isa = PBXBuildFile; fileRef = E7CF4DDF206CA31B00B7F97E /* GradientView.swift */; };
		E7CF4DF1206D5E7000B7F97E /* UIColor+Utility.swift in Sources */ = {isa = PBXBuildFile; fileRef = E7CF4DF0206D5E7000B7F97E /* UIColor+Utility.swift */; };
		E7CF4DF2206D5E7000B7F97E /* UIColor+Utility.swift in Sources */ = {isa = PBXBuildFile; fileRef = E7CF4DF0206D5E7000B7F97E /* UIColor+Utility.swift */; };
		E7CF4DF4206D6D9600B7F97E /* Renaissance.xcassets in Resources */ = {isa = PBXBuildFile; fileRef = E7CF4DF3206D6D9600B7F97E /* Renaissance.xcassets */; };
		E7CF4DF7206D6DF100B7F97E /* Tellomee.xcassets in Resources */ = {isa = PBXBuildFile; fileRef = E7CF4DF5206D6DEC00B7F97E /* Tellomee.xcassets */; };
		E7CF4DFB206EDF0C00B7F97E /* RoundedButton.swift in Sources */ = {isa = PBXBuildFile; fileRef = E7CF4DFA206EDF0C00B7F97E /* RoundedButton.swift */; };
		E7CF4DFC206EDF0C00B7F97E /* RoundedButton.swift in Sources */ = {isa = PBXBuildFile; fileRef = E7CF4DFA206EDF0C00B7F97E /* RoundedButton.swift */; };
		E7D0A7841FDB573D008319CF /* Constants.swift in Sources */ = {isa = PBXBuildFile; fileRef = E7D0A7831FDB573D008319CF /* Constants.swift */; };
		E7D316881FCF246A0062E178 /* ExperienceImageVC.swift in Sources */ = {isa = PBXBuildFile; fileRef = E7D316871FCF246A0062E178 /* ExperienceImageVC.swift */; };
		E7D316AA1FD08EF60062E178 /* ExperienceImageCell.swift in Sources */ = {isa = PBXBuildFile; fileRef = E7D316A91FD08EF60062E178 /* ExperienceImageCell.swift */; };
		E7D3D79720362E0E00F91CC4 /* ProfileEditor.storyboard in Resources */ = {isa = PBXBuildFile; fileRef = E7D3D79520362E0E00F91CC4 /* ProfileEditor.storyboard */; };
		E7D3D79A20362EF400F91CC4 /* Reservations.storyboard in Resources */ = {isa = PBXBuildFile; fileRef = E7D3D79820362EF400F91CC4 /* Reservations.storyboard */; };
		E7D3D79D20362FCC00F91CC4 /* ExperienceEditor.storyboard in Resources */ = {isa = PBXBuildFile; fileRef = E7D3D79B20362FCC00F91CC4 /* ExperienceEditor.storyboard */; };
		E7E22E911FC74C9200FD88FF /* ExperienceVC.swift in Sources */ = {isa = PBXBuildFile; fileRef = E7E22E901FC74C9200FD88FF /* ExperienceVC.swift */; };
		E7E45982205977820077C1DE /* Configuration.plist in Resources */ = {isa = PBXBuildFile; fileRef = E7E45981205977820077C1DE /* Configuration.plist */; };
		E7E45983205977820077C1DE /* Configuration.plist in Resources */ = {isa = PBXBuildFile; fileRef = E7E45981205977820077C1DE /* Configuration.plist */; };
		E7E45985205993600077C1DE /* Config.swift in Sources */ = {isa = PBXBuildFile; fileRef = E7E45984205993600077C1DE /* Config.swift */; };
		E7E45986205993600077C1DE /* Config.swift in Sources */ = {isa = PBXBuildFile; fileRef = E7E45984205993600077C1DE /* Config.swift */; };
		E7E4598B2059BC3D0077C1DE /* Discover.storyboard in Resources */ = {isa = PBXBuildFile; fileRef = E7E459872059BC3D0077C1DE /* Discover.storyboard */; };
		E7E4598C2059BC3D0077C1DE /* Discover.storyboard in Resources */ = {isa = PBXBuildFile; fileRef = E7E459872059BC3D0077C1DE /* Discover.storyboard */; };
		E7E4598D2059BC3D0077C1DE /* Favorites.storyboard in Resources */ = {isa = PBXBuildFile; fileRef = E7E459882059BC3D0077C1DE /* Favorites.storyboard */; };
		E7E4598E2059BC3D0077C1DE /* Favorites.storyboard in Resources */ = {isa = PBXBuildFile; fileRef = E7E459882059BC3D0077C1DE /* Favorites.storyboard */; };
		E7E4598F2059BC3D0077C1DE /* Inbox.storyboard in Resources */ = {isa = PBXBuildFile; fileRef = E7E459892059BC3D0077C1DE /* Inbox.storyboard */; };
		E7E459902059BC3D0077C1DE /* Inbox.storyboard in Resources */ = {isa = PBXBuildFile; fileRef = E7E459892059BC3D0077C1DE /* Inbox.storyboard */; };
		E7E459912059BC3D0077C1DE /* Settings.storyboard in Resources */ = {isa = PBXBuildFile; fileRef = E7E4598A2059BC3D0077C1DE /* Settings.storyboard */; };
		E7E459922059BC3D0077C1DE /* Settings.storyboard in Resources */ = {isa = PBXBuildFile; fileRef = E7E4598A2059BC3D0077C1DE /* Settings.storyboard */; };
		E7E4599D205DCEFC0077C1DE /* GoogleService-Info.plist in Resources */ = {isa = PBXBuildFile; fileRef = E7E4599C205DCEFC0077C1DE /* GoogleService-Info.plist */; };
		E7E4599F205DCF0F0077C1DE /* GoogleService-Info.plist in Resources */ = {isa = PBXBuildFile; fileRef = E7E4599E205DCF0E0077C1DE /* GoogleService-Info.plist */; };
		E7ED3D182083D70200EBB80A /* ExperienceCardCell.swift in Sources */ = {isa = PBXBuildFile; fileRef = E7ED3D162083D70200EBB80A /* ExperienceCardCell.swift */; };
		E7ED3D192083D70200EBB80A /* ExperienceCardCell.swift in Sources */ = {isa = PBXBuildFile; fileRef = E7ED3D162083D70200EBB80A /* ExperienceCardCell.swift */; };
		E7ED3D1A2083D70200EBB80A /* ExperienceCardCell.xib in Resources */ = {isa = PBXBuildFile; fileRef = E7ED3D172083D70200EBB80A /* ExperienceCardCell.xib */; };
		E7ED3D1B2083D70200EBB80A /* ExperienceCardCell.xib in Resources */ = {isa = PBXBuildFile; fileRef = E7ED3D172083D70200EBB80A /* ExperienceCardCell.xib */; };
		E7ED3D1F2086907100EBB80A /* Profile.storyboard in Resources */ = {isa = PBXBuildFile; fileRef = E7ED3D1E2086907100EBB80A /* Profile.storyboard */; };
		E7ED3D202086907100EBB80A /* Profile.storyboard in Resources */ = {isa = PBXBuildFile; fileRef = E7ED3D1E2086907100EBB80A /* Profile.storyboard */; };
		E7ED3D222086D2F400EBB80A /* ProfileVC.swift in Sources */ = {isa = PBXBuildFile; fileRef = E7ED3D212086D2F400EBB80A /* ProfileVC.swift */; };
		E7ED3D232086D2F400EBB80A /* ProfileVC.swift in Sources */ = {isa = PBXBuildFile; fileRef = E7ED3D212086D2F400EBB80A /* ProfileVC.swift */; };
		E7F585F81FCCDECE00536EF5 /* CuratorSettingsVC.swift in Sources */ = {isa = PBXBuildFile; fileRef = E7F585F71FCCDECE00536EF5 /* CuratorSettingsVC.swift */; };
		E7F9A0801FB6E1C900916FBA /* ThreadsTableVC.swift in Sources */ = {isa = PBXBuildFile; fileRef = E7F9A07F1FB6E1C900916FBA /* ThreadsTableVC.swift */; };
		E7F9A0821FB7378B00916FBA /* ChatVC.swift in Sources */ = {isa = PBXBuildFile; fileRef = E7F9A0811FB7378B00916FBA /* ChatVC.swift */; };
		E7F9A0861FB74CEB00916FBA /* FirebaseManager.swift in Sources */ = {isa = PBXBuildFile; fileRef = E7F9A0851FB74CEB00916FBA /* FirebaseManager.swift */; };
		E7FE89F61FCCF284008ADCEF /* MyExperiencesTableVC.swift in Sources */ = {isa = PBXBuildFile; fileRef = E7FE89F51FCCF284008ADCEF /* MyExperiencesTableVC.swift */; };
/* End PBXBuildFile section */

/* Begin PBXFileReference section */
		1774701BBEF4FE165FA75190 /* Pods_EscaPAID_Renaissance.framework */ = {isa = PBXFileReference; explicitFileType = wrapper.framework; includeInIndex = 0; path = Pods_EscaPAID_Renaissance.framework; sourceTree = BUILT_PRODUCTS_DIR; };
		56DC2A49DCA86525E8B9F95C /* Pods-EscaPAID-Tellomee.release.xcconfig */ = {isa = PBXFileReference; includeInIndex = 1; lastKnownFileType = text.xcconfig; name = "Pods-EscaPAID-Tellomee.release.xcconfig"; path = "Pods/Target Support Files/Pods-EscaPAID-Tellomee/Pods-EscaPAID-Tellomee.release.xcconfig"; sourceTree = "<group>"; };
		C84B14F7DCB2E3D31E9D8EC8 /* Pods-EscaPAID-Tellomee.debug.xcconfig */ = {isa = PBXFileReference; includeInIndex = 1; lastKnownFileType = text.xcconfig; name = "Pods-EscaPAID-Tellomee.debug.xcconfig"; path = "Pods/Target Support Files/Pods-EscaPAID-Tellomee/Pods-EscaPAID-Tellomee.debug.xcconfig"; sourceTree = "<group>"; };
		E712DE4320154F1C00661DE7 /* DaySelectorTableVC.swift */ = {isa = PBXFileReference; lastKnownFileType = sourcecode.swift; path = DaySelectorTableVC.swift; sourceTree = "<group>"; };
		E712DE452015622500661DE7 /* Days.swift */ = {isa = PBXFileReference; lastKnownFileType = sourcecode.swift; path = Days.swift; sourceTree = "<group>"; };
		E71F33A320017CAA00312B91 /* TextGetterController.swift */ = {isa = PBXFileReference; lastKnownFileType = sourcecode.swift; path = TextGetterController.swift; sourceTree = "<group>"; };
		E71F33A420017CAA00312B91 /* TextGetter.xib */ = {isa = PBXFileReference; lastKnownFileType = file.xib; path = TextGetter.xib; sourceTree = "<group>"; };
		E71F33A72004509800312B91 /* TabBarController.swift */ = {isa = PBXFileReference; lastKnownFileType = sourcecode.swift; path = TabBarController.swift; sourceTree = "<group>"; };
		E71F33A92004650800312B91 /* ExperienceEditorTableVC.swift */ = {isa = PBXFileReference; lastKnownFileType = sourcecode.swift; path = ExperienceEditorTableVC.swift; sourceTree = "<group>"; };
		E7238A632022521400496FBC /* UICalendar.xib */ = {isa = PBXFileReference; lastKnownFileType = file.xib; path = UICalendar.xib; sourceTree = "<group>"; };
		E7238A652022524300496FBC /* UICalendar.swift */ = {isa = PBXFileReference; lastKnownFileType = sourcecode.swift; path = UICalendar.swift; sourceTree = "<group>"; };
		E7238A672022699C00496FBC /* DateCell.xib */ = {isa = PBXFileReference; lastKnownFileType = file.xib; path = DateCell.xib; sourceTree = "<group>"; };
		E723DD861FC3E17800B4345E /* Thread.swift */ = {isa = PBXFileReference; lastKnownFileType = sourcecode.swift; path = Thread.swift; sourceTree = "<group>"; };
		E728EA34202BB6C30041F6AC /* ReceiptTableVC.swift */ = {isa = PBXFileReference; lastKnownFileType = sourcecode.swift; path = ReceiptTableVC.swift; sourceTree = "<group>"; };
		E72B24881FC6539A00DE0897 /* DiscoverVC.swift */ = {isa = PBXFileReference; lastKnownFileType = sourcecode.swift; path = DiscoverVC.swift; sourceTree = "<group>"; };
		E72B248E1FC65B3800DE0897 /* Experience.swift */ = {isa = PBXFileReference; lastKnownFileType = sourcecode.swift; path = Experience.swift; sourceTree = "<group>"; };
		E72D8E521FBCC5C1001026D6 /* LoginVC.swift */ = {isa = PBXFileReference; lastKnownFileType = sourcecode.swift; path = LoginVC.swift; sourceTree = "<group>"; };
		E72F64461FBBB22B0023489D /* Podfile */ = {isa = PBXFileReference; explicitFileType = text.script.ruby; path = Podfile; sourceTree = "<group>"; xcLanguageSpecificationIdentifier = xcode.lang.ruby; };
		E732DA921FC8DCC400BCF691 /* ThreadsNavigationController.swift */ = {isa = PBXFileReference; lastKnownFileType = sourcecode.swift; path = ThreadsNavigationController.swift; sourceTree = "<group>"; };
		E73BDABE1FFD52D800D1F209 /* ProfileEditorTableVC.swift */ = {isa = PBXFileReference; lastKnownFileType = sourcecode.swift; path = ProfileEditorTableVC.swift; sourceTree = "<group>"; };
		E74549911FB758B300A6A32C /* ChatTableViewCell.swift */ = {isa = PBXFileReference; lastKnownFileType = sourcecode.swift; path = ChatTableViewCell.swift; sourceTree = "<group>"; };
		E74549931FB78AE200A6A32C /* User.swift */ = {isa = PBXFileReference; lastKnownFileType = sourcecode.swift; path = User.swift; sourceTree = "<group>"; };
		E74549991FB8B1BE00A6A32C /* ThreadTableViewCell.swift */ = {isa = PBXFileReference; lastKnownFileType = sourcecode.swift; path = ThreadTableViewCell.swift; sourceTree = "<group>"; };
		E751E0E21FD3319400CBB416 /* SettingsTableVC.swift */ = {isa = PBXFileReference; lastKnownFileType = sourcecode.swift; path = SettingsTableVC.swift; sourceTree = "<group>"; };
		E77077311FBD0F7F00B3F2E1 /* CreateAccountVC.swift */ = {isa = PBXFileReference; lastKnownFileType = sourcecode.swift; path = CreateAccountVC.swift; sourceTree = "<group>"; };
		E77077331FBD179C00B3F2E1 /* OriginScreenVC.swift */ = {isa = PBXFileReference; lastKnownFileType = sourcecode.swift; path = OriginScreenVC.swift; sourceTree = "<group>"; };
		E774C83B2037877E00F98EB2 /* FavoritesTableVC.swift */ = {isa = PBXFileReference; lastKnownFileType = sourcecode.swift; path = FavoritesTableVC.swift; sourceTree = "<group>"; };
		E774C83D203A1B4E00F98EB2 /* Book.storyboard */ = {isa = PBXFileReference; fileEncoding = 4; lastKnownFileType = file.storyboard; path = Book.storyboard; sourceTree = "<group>"; };
		E77A7363204875A100AE0DE4 /* ThreadManager.swift */ = {isa = PBXFileReference; fileEncoding = 4; lastKnownFileType = sourcecode.swift; path = ThreadManager.swift; sourceTree = "<group>"; };
		E77A7364204875A100AE0DE4 /* StorageManager.swift */ = {isa = PBXFileReference; fileEncoding = 4; lastKnownFileType = sourcecode.swift; path = StorageManager.swift; sourceTree = "<group>"; };
		E77A7365204875A100AE0DE4 /* PostManager.swift */ = {isa = PBXFileReference; fileEncoding = 4; lastKnownFileType = sourcecode.swift; path = PostManager.swift; sourceTree = "<group>"; };
		E77A7367204875A200AE0DE4 /* ReservationManager.swift */ = {isa = PBXFileReference; fileEncoding = 4; lastKnownFileType = sourcecode.swift; path = ReservationManager.swift; sourceTree = "<group>"; };
		E77A7368204875A200AE0DE4 /* ExperienceManager.swift */ = {isa = PBXFileReference; fileEncoding = 4; lastKnownFileType = sourcecode.swift; path = ExperienceManager.swift; sourceTree = "<group>"; };
		E783B9942087DDDF00F2F769 /* ThemedLabel.swift */ = {isa = PBXFileReference; lastKnownFileType = sourcecode.swift; path = ThemedLabel.swift; sourceTree = "<group>"; };
		E783B9972087E7A400F2F769 /* ThemedButton.swift */ = {isa = PBXFileReference; lastKnownFileType = sourcecode.swift; path = ThemedButton.swift; sourceTree = "<group>"; };
		E783B99A2088F60600F2F769 /* HexagonalImageView.swift */ = {isa = PBXFileReference; lastKnownFileType = sourcecode.swift; path = HexagonalImageView.swift; sourceTree = "<group>"; };
		E783B99D2088F67400F2F769 /* Utils.swift */ = {isa = PBXFileReference; lastKnownFileType = sourcecode.swift; path = Utils.swift; sourceTree = "<group>"; };
		E783B9A3208A2E2800F2F769 /* CircularImageView.swift */ = {isa = PBXFileReference; lastKnownFileType = sourcecode.swift; path = CircularImageView.swift; sourceTree = "<group>"; };
		E79770E42043816700B2206C /* MainAPIClient.swift */ = {isa = PBXFileReference; lastKnownFileType = sourcecode.swift; path = MainAPIClient.swift; sourceTree = "<group>"; };
		E79770E72044774000B2206C /* UIAlertController+Utility.swift */ = {isa = PBXFileReference; fileEncoding = 4; lastKnownFileType = sourcecode.swift; path = "UIAlertController+Utility.swift"; sourceTree = "<group>"; };
		E79ADAF92071BFD400C02C0A /* UILabel+Utility.swift */ = {isa = PBXFileReference; lastKnownFileType = sourcecode.swift; path = "UILabel+Utility.swift"; sourceTree = "<group>"; };
		E79ADAFC20743F8500C02C0A /* UIScrollingViewController.swift */ = {isa = PBXFileReference; lastKnownFileType = sourcecode.swift; path = UIScrollingViewController.swift; sourceTree = "<group>"; };
		E79ADB0320751BBD00C02C0A /* Montserrat-Regular.ttf */ = {isa = PBXFileReference; lastKnownFileType = file; path = "Montserrat-Regular.ttf"; sourceTree = "<group>"; };
		E79ADB1020751BD900C02C0A /* Montserrat-Light.ttf */ = {isa = PBXFileReference; lastKnownFileType = file; path = "Montserrat-Light.ttf"; sourceTree = "<group>"; };
		E79ADB3E20751C4500C02C0A /* Lato-Regular.ttf */ = {isa = PBXFileReference; lastKnownFileType = file; path = "Lato-Regular.ttf"; sourceTree = "<group>"; };
		E79D653B1FE9CD0000267E0C /* SelfContainedPickerView.swift */ = {isa = PBXFileReference; lastKnownFileType = sourcecode.swift; path = SelfContainedPickerView.swift; sourceTree = "<group>"; };
		E79F05C020596AF500889D14 /* Renaissance-Info.plist */ = {isa = PBXFileReference; lastKnownFileType = text.plist.xml; name = "Renaissance-Info.plist"; path = "/Users/mikem/OneDrive/Projects/iOS/EscaPAID/EscaPAID/Supporting Files/Renaissance-Info.plist"; sourceTree = "<absolute>"; };
		E79F060D2059700400889D14 /* Renaissance.app */ = {isa = PBXFileReference; explicitFileType = wrapper.application; includeInIndex = 0; path = Renaissance.app; sourceTree = BUILT_PRODUCTS_DIR; };
		E79FA5902025398C0060B44D /* ConfirmationTableVC.swift */ = {isa = PBXFileReference; lastKnownFileType = sourcecode.swift; path = ConfirmationTableVC.swift; sourceTree = "<group>"; };
		E79FA59420290E3D0060B44D /* ReservationProcessor.swift */ = {isa = PBXFileReference; lastKnownFileType = sourcecode.swift; path = ReservationProcessor.swift; sourceTree = "<group>"; };
		E79FA59620290EA50060B44D /* Reservation.swift */ = {isa = PBXFileReference; lastKnownFileType = sourcecode.swift; path = Reservation.swift; sourceTree = "<group>"; };
		E79FA59E202A69050060B44D /* ReservationsTableVC.swift */ = {isa = PBXFileReference; lastKnownFileType = sourcecode.swift; path = ReservationsTableVC.swift; sourceTree = "<group>"; };
		E79FA5A2202A6AB90060B44D /* ReservationTableViewCell.swift */ = {isa = PBXFileReference; fileEncoding = 4; lastKnownFileType = sourcecode.swift; path = ReservationTableViewCell.swift; sourceTree = "<group>"; };
		E7B4CDAC207BB4C400352DB1 /* CardView.swift */ = {isa = PBXFileReference; lastKnownFileType = sourcecode.swift; path = CardView.swift; sourceTree = "<group>"; };
		E7B4CDBB207C26EF00352DB1 /* ExperienceCard.swift */ = {isa = PBXFileReference; lastKnownFileType = sourcecode.swift; path = ExperienceCard.swift; sourceTree = "<group>"; };
		E7B4CDEC207EBF7600352DB1 /* ExperienceCard.xib */ = {isa = PBXFileReference; lastKnownFileType = file.xib; path = ExperienceCard.xib; sourceTree = "<group>"; };
		E7B4CDEF207FFBE200352DB1 /* UIImage+Utility.swift */ = {isa = PBXFileReference; lastKnownFileType = sourcecode.swift; path = "UIImage+Utility.swift"; sourceTree = "<group>"; };
		E7B94FA420195C1E00C5FBCB /* ReservationVC.swift */ = {isa = PBXFileReference; lastKnownFileType = sourcecode.swift; path = ReservationVC.swift; sourceTree = "<group>"; };
		E7B94FA620195F4D00C5FBCB /* DateCell.swift */ = {isa = PBXFileReference; lastKnownFileType = sourcecode.swift; path = DateCell.swift; sourceTree = "<group>"; };
		E7B9F7391FB6CAAE0058CE61 /* Tellomee.app */ = {isa = PBXFileReference; explicitFileType = wrapper.application; includeInIndex = 0; path = Tellomee.app; sourceTree = BUILT_PRODUCTS_DIR; };
		E7B9F73C1FB6CAAE0058CE61 /* AppDelegate.swift */ = {isa = PBXFileReference; lastKnownFileType = sourcecode.swift; path = AppDelegate.swift; sourceTree = "<group>"; };
		E7B9F7411FB6CAAF0058CE61 /* Base */ = {isa = PBXFileReference; lastKnownFileType = file.storyboard; name = Base; path = Base.lproj/Main.storyboard; sourceTree = "<group>"; };
		E7B9F7461FB6CAAF0058CE61 /* Assets.xcassets */ = {isa = PBXFileReference; lastKnownFileType = folder.assetcatalog; path = Assets.xcassets; sourceTree = "<group>"; };
		E7B9F7491FB6CAAF0058CE61 /* Base */ = {isa = PBXFileReference; lastKnownFileType = file.storyboard; name = Base; path = Base.lproj/LaunchScreen.storyboard; sourceTree = "<group>"; };
		E7B9F74B1FB6CAAF0058CE61 /* Tellomee-Info.plist */ = {isa = PBXFileReference; lastKnownFileType = text.plist.xml; path = "Tellomee-Info.plist"; sourceTree = "<group>"; };
		E7CB84C42075229600CB91C2 /* Montserrat-Bold.ttf */ = {isa = PBXFileReference; lastKnownFileType = file; path = "Montserrat-Bold.ttf"; sourceTree = "<group>"; };
		E7CF4DDF206CA31B00B7F97E /* GradientView.swift */ = {isa = PBXFileReference; lastKnownFileType = sourcecode.swift; path = GradientView.swift; sourceTree = "<group>"; };
		E7CF4DF0206D5E7000B7F97E /* UIColor+Utility.swift */ = {isa = PBXFileReference; lastKnownFileType = sourcecode.swift; path = "UIColor+Utility.swift"; sourceTree = "<group>"; };
		E7CF4DF3206D6D9600B7F97E /* Renaissance.xcassets */ = {isa = PBXFileReference; lastKnownFileType = folder.assetcatalog; path = Renaissance.xcassets; sourceTree = "<group>"; };
		E7CF4DF5206D6DEC00B7F97E /* Tellomee.xcassets */ = {isa = PBXFileReference; lastKnownFileType = folder.assetcatalog; path = Tellomee.xcassets; sourceTree = "<group>"; };
		E7CF4DFA206EDF0C00B7F97E /* RoundedButton.swift */ = {isa = PBXFileReference; lastKnownFileType = sourcecode.swift; path = RoundedButton.swift; sourceTree = "<group>"; };
		E7D0A7831FDB573D008319CF /* Constants.swift */ = {isa = PBXFileReference; lastKnownFileType = sourcecode.swift; path = Constants.swift; sourceTree = "<group>"; };
		E7D316871FCF246A0062E178 /* ExperienceImageVC.swift */ = {isa = PBXFileReference; lastKnownFileType = sourcecode.swift; path = ExperienceImageVC.swift; sourceTree = "<group>"; };
		E7D316A91FD08EF60062E178 /* ExperienceImageCell.swift */ = {isa = PBXFileReference; lastKnownFileType = sourcecode.swift; path = ExperienceImageCell.swift; sourceTree = "<group>"; };
		E7D3D79620362E0E00F91CC4 /* Base */ = {isa = PBXFileReference; lastKnownFileType = file.storyboard; name = Base; path = Base.lproj/ProfileEditor.storyboard; sourceTree = "<group>"; };
		E7D3D79920362EF400F91CC4 /* Base */ = {isa = PBXFileReference; lastKnownFileType = file.storyboard; name = Base; path = Base.lproj/Reservations.storyboard; sourceTree = "<group>"; };
		E7D3D79C20362FCC00F91CC4 /* Base */ = {isa = PBXFileReference; lastKnownFileType = file.storyboard; name = Base; path = Base.lproj/ExperienceEditor.storyboard; sourceTree = "<group>"; };
		E7E152A020360DA800033BEB /* EscaPAID-Bridging-Header.h */ = {isa = PBXFileReference; lastKnownFileType = sourcecode.c.h; path = "EscaPAID-Bridging-Header.h"; sourceTree = "<group>"; };
		E7E22E901FC74C9200FD88FF /* ExperienceVC.swift */ = {isa = PBXFileReference; lastKnownFileType = sourcecode.swift; path = ExperienceVC.swift; sourceTree = "<group>"; };
		E7E45981205977820077C1DE /* Configuration.plist */ = {isa = PBXFileReference; lastKnownFileType = text.plist.xml; path = Configuration.plist; sourceTree = "<group>"; };
		E7E45984205993600077C1DE /* Config.swift */ = {isa = PBXFileReference; lastKnownFileType = sourcecode.swift; path = Config.swift; sourceTree = "<group>"; };
		E7E459872059BC3D0077C1DE /* Discover.storyboard */ = {isa = PBXFileReference; fileEncoding = 4; lastKnownFileType = file.storyboard; path = Discover.storyboard; sourceTree = "<group>"; };
		E7E459882059BC3D0077C1DE /* Favorites.storyboard */ = {isa = PBXFileReference; fileEncoding = 4; lastKnownFileType = file.storyboard; path = Favorites.storyboard; sourceTree = "<group>"; };
		E7E459892059BC3D0077C1DE /* Inbox.storyboard */ = {isa = PBXFileReference; fileEncoding = 4; lastKnownFileType = file.storyboard; path = Inbox.storyboard; sourceTree = "<group>"; };
		E7E4598A2059BC3D0077C1DE /* Settings.storyboard */ = {isa = PBXFileReference; fileEncoding = 4; lastKnownFileType = file.storyboard; path = Settings.storyboard; sourceTree = "<group>"; };
		E7E4599C205DCEFC0077C1DE /* GoogleService-Info.plist */ = {isa = PBXFileReference; fileEncoding = 4; lastKnownFileType = text.plist.xml; path = "GoogleService-Info.plist"; sourceTree = "<group>"; };
		E7E4599E205DCF0E0077C1DE /* GoogleService-Info.plist */ = {isa = PBXFileReference; fileEncoding = 4; lastKnownFileType = text.plist.xml; path = "GoogleService-Info.plist"; sourceTree = "<group>"; };
		E7E459A120644E650077C1DE /* Renaissance.entitlements */ = {isa = PBXFileReference; lastKnownFileType = text.plist.entitlements; path = Renaissance.entitlements; sourceTree = "<group>"; };
		E7E459A220644E740077C1DE /* Tellomee.entitlements */ = {isa = PBXFileReference; lastKnownFileType = text.plist.entitlements; path = Tellomee.entitlements; sourceTree = "<group>"; };
		E7ED3D162083D70200EBB80A /* ExperienceCardCell.swift */ = {isa = PBXFileReference; lastKnownFileType = sourcecode.swift; path = ExperienceCardCell.swift; sourceTree = "<group>"; };
		E7ED3D172083D70200EBB80A /* ExperienceCardCell.xib */ = {isa = PBXFileReference; lastKnownFileType = file.xib; path = ExperienceCardCell.xib; sourceTree = "<group>"; };
		E7ED3D1E2086907100EBB80A /* Profile.storyboard */ = {isa = PBXFileReference; lastKnownFileType = file.storyboard; path = Profile.storyboard; sourceTree = "<group>"; };
		E7ED3D212086D2F400EBB80A /* ProfileVC.swift */ = {isa = PBXFileReference; lastKnownFileType = sourcecode.swift; path = ProfileVC.swift; sourceTree = "<group>"; };
		E7F585F71FCCDECE00536EF5 /* CuratorSettingsVC.swift */ = {isa = PBXFileReference; lastKnownFileType = sourcecode.swift; path = CuratorSettingsVC.swift; sourceTree = "<group>"; };
		E7F9A07F1FB6E1C900916FBA /* ThreadsTableVC.swift */ = {isa = PBXFileReference; lastKnownFileType = sourcecode.swift; path = ThreadsTableVC.swift; sourceTree = "<group>"; };
		E7F9A0811FB7378B00916FBA /* ChatVC.swift */ = {isa = PBXFileReference; lastKnownFileType = sourcecode.swift; path = ChatVC.swift; sourceTree = "<group>"; };
		E7F9A0851FB74CEB00916FBA /* FirebaseManager.swift */ = {isa = PBXFileReference; lastKnownFileType = sourcecode.swift; path = FirebaseManager.swift; sourceTree = "<group>"; };
		E7FE89F51FCCF284008ADCEF /* MyExperiencesTableVC.swift */ = {isa = PBXFileReference; lastKnownFileType = sourcecode.swift; path = MyExperiencesTableVC.swift; sourceTree = "<group>"; };
		EB6BDD587A2A54747961A1BE /* Pods-EscaPAID-Renaissance.release.xcconfig */ = {isa = PBXFileReference; includeInIndex = 1; lastKnownFileType = text.xcconfig; name = "Pods-EscaPAID-Renaissance.release.xcconfig"; path = "Pods/Target Support Files/Pods-EscaPAID-Renaissance/Pods-EscaPAID-Renaissance.release.xcconfig"; sourceTree = "<group>"; };
		ECA6BDE2DF7F3ACAE509701E /* Pods-EscaPAID-Renaissance.debug.xcconfig */ = {isa = PBXFileReference; includeInIndex = 1; lastKnownFileType = text.xcconfig; name = "Pods-EscaPAID-Renaissance.debug.xcconfig"; path = "Pods/Target Support Files/Pods-EscaPAID-Renaissance/Pods-EscaPAID-Renaissance.debug.xcconfig"; sourceTree = "<group>"; };
		F24DF35A82A749B51048B357 /* Pods_EscaPAID_Tellomee.framework */ = {isa = PBXFileReference; explicitFileType = wrapper.framework; includeInIndex = 0; path = Pods_EscaPAID_Tellomee.framework; sourceTree = BUILT_PRODUCTS_DIR; };
/* End PBXFileReference section */

/* Begin PBXFrameworksBuildPhase section */
		E79F05F22059700400889D14 /* Frameworks */ = {
			isa = PBXFrameworksBuildPhase;
			buildActionMask = 2147483647;
			files = (
				476D1F580F88C4FE12C112C7 /* Pods_EscaPAID_Renaissance.framework in Frameworks */,
			);
			runOnlyForDeploymentPostprocessing = 0;
		};
		E7B9F7361FB6CAAE0058CE61 /* Frameworks */ = {
			isa = PBXFrameworksBuildPhase;
			buildActionMask = 2147483647;
			files = (
				893A8D9138B742B129609914 /* Pods_EscaPAID_Tellomee.framework in Frameworks */,
			);
			runOnlyForDeploymentPostprocessing = 0;
		};
/* End PBXFrameworksBuildPhase section */

/* Begin PBXGroup section */
		92103401D2ADCDE64E51B243 /* Pods */ = {
			isa = PBXGroup;
			children = (
				ECA6BDE2DF7F3ACAE509701E /* Pods-EscaPAID-Renaissance.debug.xcconfig */,
				EB6BDD587A2A54747961A1BE /* Pods-EscaPAID-Renaissance.release.xcconfig */,
				C84B14F7DCB2E3D31E9D8EC8 /* Pods-EscaPAID-Tellomee.debug.xcconfig */,
				56DC2A49DCA86525E8B9F95C /* Pods-EscaPAID-Tellomee.release.xcconfig */,
			);
			name = Pods;
			sourceTree = "<group>";
		};
		E720AC031FC20FC700E9C2EF /* Storyboards */ = {
			isa = PBXGroup;
			children = (
				E7E459872059BC3D0077C1DE /* Discover.storyboard */,
				E7E459882059BC3D0077C1DE /* Favorites.storyboard */,
				E7E459892059BC3D0077C1DE /* Inbox.storyboard */,
				E7E4598A2059BC3D0077C1DE /* Settings.storyboard */,
				E7B9F7481FB6CAAF0058CE61 /* LaunchScreen.storyboard */,
				E7B9F7401FB6CAAF0058CE61 /* Main.storyboard */,
				E774C83D203A1B4E00F98EB2 /* Book.storyboard */,
				E7ED3D1E2086907100EBB80A /* Profile.storyboard */,
				E7D3D79520362E0E00F91CC4 /* ProfileEditor.storyboard */,
				E7D3D79820362EF400F91CC4 /* Reservations.storyboard */,
				E7D3D79B20362FCC00F91CC4 /* ExperienceEditor.storyboard */,
			);
			path = Storyboards;
			sourceTree = "<group>";
		};
		E720AC041FC20FE500E9C2EF /* View Controllers */ = {
			isa = PBXGroup;
			children = (
				E77077331FBD179C00B3F2E1 /* OriginScreenVC.swift */,
				E77077311FBD0F7F00B3F2E1 /* CreateAccountVC.swift */,
				E72D8E521FBCC5C1001026D6 /* LoginVC.swift */,
				E71F33A72004509800312B91 /* TabBarController.swift */,
				E72B24881FC6539A00DE0897 /* DiscoverVC.swift */,
				E774C83B2037877E00F98EB2 /* FavoritesTableVC.swift */,
				E7FE89F51FCCF284008ADCEF /* MyExperiencesTableVC.swift */,
				E7F9A07F1FB6E1C900916FBA /* ThreadsTableVC.swift */,
				E732DA921FC8DCC400BCF691 /* ThreadsNavigationController.swift */,
				E7F9A0811FB7378B00916FBA /* ChatVC.swift */,
				E7E22E901FC74C9200FD88FF /* ExperienceVC.swift */,
				E7F585F71FCCDECE00536EF5 /* CuratorSettingsVC.swift */,
				E7D316871FCF246A0062E178 /* ExperienceImageVC.swift */,
				E751E0E21FD3319400CBB416 /* SettingsTableVC.swift */,
				E73BDABE1FFD52D800D1F209 /* ProfileEditorTableVC.swift */,
				E71F33A92004650800312B91 /* ExperienceEditorTableVC.swift */,
				E712DE4320154F1C00661DE7 /* DaySelectorTableVC.swift */,
				E7B94FA420195C1E00C5FBCB /* ReservationVC.swift */,
				E79FA5902025398C0060B44D /* ConfirmationTableVC.swift */,
				E79FA59E202A69050060B44D /* ReservationsTableVC.swift */,
				E728EA34202BB6C30041F6AC /* ReceiptTableVC.swift */,
				E7ED3D212086D2F400EBB80A /* ProfileVC.swift */,
			);
			path = "View Controllers";
			sourceTree = "<group>";
		};
		E720AC051FC2100800E9C2EF /* Managers */ = {
			isa = PBXGroup;
			children = (
				E77A7368204875A200AE0DE4 /* ExperienceManager.swift */,
				E77A7365204875A100AE0DE4 /* PostManager.swift */,
				E77A7367204875A200AE0DE4 /* ReservationManager.swift */,
				E77A7364204875A100AE0DE4 /* StorageManager.swift */,
				E77A7363204875A100AE0DE4 /* ThreadManager.swift */,
				E7F9A0851FB74CEB00916FBA /* FirebaseManager.swift */,
			);
			path = Managers;
			sourceTree = "<group>";
		};
		E720AC061FC2108B00E9C2EF /* TableViewCells */ = {
			isa = PBXGroup;
			children = (
				E74549991FB8B1BE00A6A32C /* ThreadTableViewCell.swift */,
				E74549911FB758B300A6A32C /* ChatTableViewCell.swift */,
				E7D316A91FD08EF60062E178 /* ExperienceImageCell.swift */,
				E79FA5A2202A6AB90060B44D /* ReservationTableViewCell.swift */,
				E7ED3D162083D70200EBB80A /* ExperienceCardCell.swift */,
				E7ED3D172083D70200EBB80A /* ExperienceCardCell.xib */,
			);
			path = TableViewCells;
			sourceTree = "<group>";
		};
		E720AC071FC210AB00E9C2EF /* Classes */ = {
			isa = PBXGroup;
			children = (
				E720AC051FC2100800E9C2EF /* Managers */,
				E74549931FB78AE200A6A32C /* User.swift */,
				E723DD861FC3E17800B4345E /* Thread.swift */,
				E72B248E1FC65B3800DE0897 /* Experience.swift */,
				E712DE452015622500661DE7 /* Days.swift */,
				E79FA59420290E3D0060B44D /* ReservationProcessor.swift */,
				E79FA59620290EA50060B44D /* Reservation.swift */,
			);
			path = Classes;
			sourceTree = "<group>";
		};
		E79770E62044772200B2206C /* Utility */ = {
			isa = PBXGroup;
			children = (
				E79770E72044774000B2206C /* UIAlertController+Utility.swift */,
				E7CF4DF0206D5E7000B7F97E /* UIColor+Utility.swift */,
				E79ADAF92071BFD400C02C0A /* UILabel+Utility.swift */,
				E7CF4DDF206CA31B00B7F97E /* GradientView.swift */,
				E7CF4DFA206EDF0C00B7F97E /* RoundedButton.swift */,
				E7B4CDAC207BB4C400352DB1 /* CardView.swift */,
				E7B4CDEF207FFBE200352DB1 /* UIImage+Utility.swift */,
				E783B9942087DDDF00F2F769 /* ThemedLabel.swift */,
				E783B9972087E7A400F2F769 /* ThemedButton.swift */,
				E783B99A2088F60600F2F769 /* HexagonalImageView.swift */,
				E783B9A3208A2E2800F2F769 /* CircularImageView.swift */,
				E783B99D2088F67400F2F769 /* Utils.swift */,
			);
			path = Utility;
			sourceTree = "<group>";
		};
		E79ADAFF20751B9400C02C0A /* Resources */ = {
			isa = PBXGroup;
			children = (
				E79ADB3620751BF100C02C0A /* Fonts */,
			);
			path = Resources;
			sourceTree = "<group>";
		};
		E79ADB3620751BF100C02C0A /* Fonts */ = {
			isa = PBXGroup;
			children = (
				E79ADB3E20751C4500C02C0A /* Lato-Regular.ttf */,
				E79ADB1020751BD900C02C0A /* Montserrat-Light.ttf */,
				E79ADB0320751BBD00C02C0A /* Montserrat-Regular.ttf */,
				E7CB84C42075229600CB91C2 /* Montserrat-Bold.ttf */,
			);
			path = Fonts;
			sourceTree = "<group>";
		};
		E79F056E205966E000889D14 /* Tellomee */ = {
			isa = PBXGroup;
			children = (
				E7E4599E205DCF0E0077C1DE /* GoogleService-Info.plist */,
			);
			path = Tellomee;
			sourceTree = "<group>";
		};
		E7B9F7301FB6CAAE0058CE61 = {
			isa = PBXGroup;
			children = (
				E7E459A220644E740077C1DE /* Tellomee.entitlements */,
				E7E459A120644E650077C1DE /* Renaissance.entitlements */,
				E72F64461FBBB22B0023489D /* Podfile */,
				E7B9F73B1FB6CAAE0058CE61 /* EscaPAID */,
				E7B9F73A1FB6CAAE0058CE61 /* Products */,
				92103401D2ADCDE64E51B243 /* Pods */,
				ECFECC187D036A9784751F55 /* Frameworks */,
			);
			sourceTree = "<group>";
		};
		E7B9F73A1FB6CAAE0058CE61 /* Products */ = {
			isa = PBXGroup;
			children = (
				E7B9F7391FB6CAAE0058CE61 /* Tellomee.app */,
				E79F060D2059700400889D14 /* Renaissance.app */,
			);
			name = Products;
			sourceTree = "<group>";
		};
		E7B9F73B1FB6CAAE0058CE61 /* EscaPAID */ = {
			isa = PBXGroup;
			children = (
				E79ADAFF20751B9400C02C0A /* Resources */,
				E7E45980205975C90077C1DE /* Supporting Files */,
				E720AC031FC20FC700E9C2EF /* Storyboards */,
				E7D3D79320362D6100F91CC4 /* UI */,
				E720AC041FC20FE500E9C2EF /* View Controllers */,
				E720AC061FC2108B00E9C2EF /* TableViewCells */,
				E720AC071FC210AB00E9C2EF /* Classes */,
				E79770E62044772200B2206C /* Utility */,
				E7B9F73C1FB6CAAE0058CE61 /* AppDelegate.swift */,
				E7D0A7831FDB573D008319CF /* Constants.swift */,
				E7E45984205993600077C1DE /* Config.swift */,
				E79D653B1FE9CD0000267E0C /* SelfContainedPickerView.swift */,
				E7B9F7461FB6CAAF0058CE61 /* Assets.xcassets */,
				E7CF4DF3206D6D9600B7F97E /* Renaissance.xcassets */,
				E7CF4DF5206D6DEC00B7F97E /* Tellomee.xcassets */,
				E7E152A020360DA800033BEB /* EscaPAID-Bridging-Header.h */,
				E79770E42043816700B2206C /* MainAPIClient.swift */,
			);
			path = EscaPAID;
			sourceTree = "<group>";
		};
		E7D3D79320362D6100F91CC4 /* UI */ = {
			isa = PBXGroup;
			children = (
				E71F33A320017CAA00312B91 /* TextGetterController.swift */,
				E71F33A420017CAA00312B91 /* TextGetter.xib */,
				E7238A652022524300496FBC /* UICalendar.swift */,
				E7238A632022521400496FBC /* UICalendar.xib */,
				E7B94FA620195F4D00C5FBCB /* DateCell.swift */,
				E7238A672022699C00496FBC /* DateCell.xib */,
				E79ADAFC20743F8500C02C0A /* UIScrollingViewController.swift */,
				E7B4CDBB207C26EF00352DB1 /* ExperienceCard.swift */,
				E7B4CDEC207EBF7600352DB1 /* ExperienceCard.xib */,
			);
			path = UI;
			sourceTree = "<group>";
		};
		E7E45980205975C90077C1DE /* Supporting Files */ = {
			isa = PBXGroup;
			children = (
				E79F05C020596AF500889D14 /* Renaissance-Info.plist */,
				E7B9F74B1FB6CAAF0058CE61 /* Tellomee-Info.plist */,
				E7E45981205977820077C1DE /* Configuration.plist */,
				E79F056E205966E000889D14 /* Tellomee */,
				E7E45995205C85260077C1DE /* Renaissance */,
			);
			path = "Supporting Files";
			sourceTree = "<group>";
		};
		E7E45995205C85260077C1DE /* Renaissance */ = {
			isa = PBXGroup;
			children = (
				E7E4599C205DCEFC0077C1DE /* GoogleService-Info.plist */,
			);
			path = Renaissance;
			sourceTree = "<group>";
		};
		ECFECC187D036A9784751F55 /* Frameworks */ = {
			isa = PBXGroup;
			children = (
				1774701BBEF4FE165FA75190 /* Pods_EscaPAID_Renaissance.framework */,
				F24DF35A82A749B51048B357 /* Pods_EscaPAID_Tellomee.framework */,
			);
			name = Frameworks;
			sourceTree = "<group>";
		};
/* End PBXGroup section */

/* Begin PBXNativeTarget section */
		E79F05C12059700400889D14 /* Renaissance */ = {
			isa = PBXNativeTarget;
			buildConfigurationList = E79F060A2059700400889D14 /* Build configuration list for PBXNativeTarget "Renaissance" */;
			buildPhases = (
				88D7E47BF6E0AB7106EF73D9 /* [CP] Check Pods Manifest.lock */,
				E79F05C32059700400889D14 /* Sources */,
				E79F05F22059700400889D14 /* Frameworks */,
				E79F05F52059700400889D14 /* Resources */,
				21D94329D377E6F30CDA3E07 /* [CP] Embed Pods Frameworks */,
			);
			buildRules = (
			);
			dependencies = (
			);
			name = Renaissance;
			productName = tellomee;
			productReference = E79F060D2059700400889D14 /* Renaissance.app */;
			productType = "com.apple.product-type.application";
		};
		E7B9F7381FB6CAAE0058CE61 /* Tellomee */ = {
			isa = PBXNativeTarget;
			buildConfigurationList = E7B9F74E1FB6CAAF0058CE61 /* Build configuration list for PBXNativeTarget "Tellomee" */;
			buildPhases = (
				F56DF82873CBF95FE874FB24 /* [CP] Check Pods Manifest.lock */,
				E7B9F7351FB6CAAE0058CE61 /* Sources */,
				E7B9F7361FB6CAAE0058CE61 /* Frameworks */,
				E7B9F7371FB6CAAE0058CE61 /* Resources */,
				51FD8F588891DC6252FD90FC /* [CP] Embed Pods Frameworks */,
			);
			buildRules = (
			);
			dependencies = (
			);
			name = Tellomee;
			productName = tellomee;
			productReference = E7B9F7391FB6CAAE0058CE61 /* Tellomee.app */;
			productType = "com.apple.product-type.application";
		};
/* End PBXNativeTarget section */

/* Begin PBXProject section */
		E7B9F7311FB6CAAE0058CE61 /* Project object */ = {
			isa = PBXProject;
			attributes = {
				LastSwiftUpdateCheck = 0910;
				LastUpgradeCheck = 0910;
				ORGANIZATIONNAME = "Michael Miller";
				TargetAttributes = {
					E79F05C12059700400889D14 = {
						ProvisioningStyle = Automatic;
						SystemCapabilities = {
							com.apple.BackgroundModes = {
								enabled = 1;
							};
							com.apple.Push = {
								enabled = 1;
							};
							com.apple.SafariKeychain = {
								enabled = 1;
							};
						};
					};
					E7B9F7381FB6CAAE0058CE61 = {
						CreatedOnToolsVersion = 9.1;
						LastSwiftMigration = 0920;
						ProvisioningStyle = Automatic;
						SystemCapabilities = {
							com.apple.BackgroundModes = {
								enabled = 1;
							};
							com.apple.Keychain = {
								enabled = 0;
							};
							com.apple.Push = {
								enabled = 1;
							};
							com.apple.SafariKeychain = {
								enabled = 1;
							};
						};
					};
				};
			};
			buildConfigurationList = E7B9F7341FB6CAAE0058CE61 /* Build configuration list for PBXProject "EscaPAID" */;
			compatibilityVersion = "Xcode 8.0";
			developmentRegion = en;
			hasScannedForEncodings = 0;
			knownRegions = (
				en,
				Base,
			);
			mainGroup = E7B9F7301FB6CAAE0058CE61;
			productRefGroup = E7B9F73A1FB6CAAE0058CE61 /* Products */;
			projectDirPath = "";
			projectRoot = "";
			targets = (
				E7B9F7381FB6CAAE0058CE61 /* Tellomee */,
				E79F05C12059700400889D14 /* Renaissance */,
			);
		};
/* End PBXProject section */

/* Begin PBXResourcesBuildPhase section */
		E79F05F52059700400889D14 /* Resources */ = {
			isa = PBXResourcesBuildPhase;
			buildActionMask = 2147483647;
			files = (
				E79F05F72059700400889D14 /* TextGetter.xib in Resources */,
				E79F05F82059700400889D14 /* ExperienceEditor.storyboard in Resources */,
				E79ADB1920751BDE00C02C0A /* Montserrat-Regular.ttf in Resources */,
				E7E4598C2059BC3D0077C1DE /* Discover.storyboard in Resources */,
				E79F05F92059700400889D14 /* Podfile in Resources */,
				E7B4CDEE207EBF7600352DB1 /* ExperienceCard.xib in Resources */,
				E79F05FA2059700400889D14 /* ProfileEditor.storyboard in Resources */,
				E79F05FD2059700400889D14 /* LaunchScreen.storyboard in Resources */,
				E7CB84C62075229700CB91C2 /* Montserrat-Bold.ttf in Resources */,
				E79F05FF2059700400889D14 /* Reservations.storyboard in Resources */,
				E79F06002059700400889D14 /* DateCell.xib in Resources */,
				E79ADB3320751BDE00C02C0A /* Montserrat-Light.ttf in Resources */,
				E79F06012059700400889D14 /* Book.storyboard in Resources */,
				E79ADB5020751C4500C02C0A /* Lato-Regular.ttf in Resources */,
				E79F06052059700400889D14 /* Assets.xcassets in Resources */,
				E7ED3D1B2083D70200EBB80A /* ExperienceCardCell.xib in Resources */,
				E7CF4DF4206D6D9600B7F97E /* Renaissance.xcassets in Resources */,
				E7ED3D202086907100EBB80A /* Profile.storyboard in Resources */,
				E7E4599D205DCEFC0077C1DE /* GoogleService-Info.plist in Resources */,
				E7E45983205977820077C1DE /* Configuration.plist in Resources */,
				E79F06062059700400889D14 /* Main.storyboard in Resources */,
				E7E459902059BC3D0077C1DE /* Inbox.storyboard in Resources */,
				E7E459922059BC3D0077C1DE /* Settings.storyboard in Resources */,
				E7E4598E2059BC3D0077C1DE /* Favorites.storyboard in Resources */,
				E79F06072059700400889D14 /* UICalendar.xib in Resources */,
			);
			runOnlyForDeploymentPostprocessing = 0;
		};
		E7B9F7371FB6CAAE0058CE61 /* Resources */ = {
			isa = PBXResourcesBuildPhase;
			buildActionMask = 2147483647;
			files = (
				E71F33A620017CAA00312B91 /* TextGetter.xib in Resources */,
				E7D3D79D20362FCC00F91CC4 /* ExperienceEditor.storyboard in Resources */,
				E79ADB1820751BDE00C02C0A /* Montserrat-Regular.ttf in Resources */,
				E7CF4DF7206D6DF100B7F97E /* Tellomee.xcassets in Resources */,
				E7E4598B2059BC3D0077C1DE /* Discover.storyboard in Resources */,
				E7B4CDED207EBF7600352DB1 /* ExperienceCard.xib in Resources */,
				E72F64471FBBB22B0023489D /* Podfile in Resources */,
				E7D3D79720362E0E00F91CC4 /* ProfileEditor.storyboard in Resources */,
				E7CB84C52075229700CB91C2 /* Montserrat-Bold.ttf in Resources */,
				E7B9F74A1FB6CAAF0058CE61 /* LaunchScreen.storyboard in Resources */,
				E7D3D79A20362EF400F91CC4 /* Reservations.storyboard in Resources */,
				E79ADB3220751BDE00C02C0A /* Montserrat-Light.ttf in Resources */,
				E7238A682022699C00496FBC /* DateCell.xib in Resources */,
				E774C83E203A1B4E00F98EB2 /* Book.storyboard in Resources */,
				E79ADB4F20751C4500C02C0A /* Lato-Regular.ttf in Resources */,
				E7ED3D1A2083D70200EBB80A /* ExperienceCardCell.xib in Resources */,
				E7B9F7471FB6CAAF0058CE61 /* Assets.xcassets in Resources */,
				E7ED3D1F2086907100EBB80A /* Profile.storyboard in Resources */,
				E7E4599F205DCF0F0077C1DE /* GoogleService-Info.plist in Resources */,
				E7E45982205977820077C1DE /* Configuration.plist in Resources */,
				E7B9F7421FB6CAAF0058CE61 /* Main.storyboard in Resources */,
				E7E4598F2059BC3D0077C1DE /* Inbox.storyboard in Resources */,
				E7E459912059BC3D0077C1DE /* Settings.storyboard in Resources */,
				E7E4598D2059BC3D0077C1DE /* Favorites.storyboard in Resources */,
				E7238A642022521400496FBC /* UICalendar.xib in Resources */,
			);
			runOnlyForDeploymentPostprocessing = 0;
		};
/* End PBXResourcesBuildPhase section */

/* Begin PBXShellScriptBuildPhase section */
		21D94329D377E6F30CDA3E07 /* [CP] Embed Pods Frameworks */ = {
			isa = PBXShellScriptBuildPhase;
			buildActionMask = 2147483647;
			files = (
			);
			inputPaths = (
				"${SRCROOT}/Pods/Target Support Files/Pods-EscaPAID-Renaissance/Pods-EscaPAID-Renaissance-frameworks.sh",
				"${BUILT_PRODUCTS_DIR}/Alamofire/Alamofire.framework",
				"${BUILT_PRODUCTS_DIR}/AlamofireImage/AlamofireImage.framework",
				"${BUILT_PRODUCTS_DIR}/Bolts/Bolts.framework",
				"${BUILT_PRODUCTS_DIR}/FBSDKCoreKit/FBSDKCoreKit.framework",
				"${BUILT_PRODUCTS_DIR}/FBSDKLoginKit/FBSDKLoginKit.framework",
				"${BUILT_PRODUCTS_DIR}/GTMSessionFetcher/GTMSessionFetcher.framework",
				"${BUILT_PRODUCTS_DIR}/GoogleToolboxForMac/GoogleToolboxForMac.framework",
				"${BUILT_PRODUCTS_DIR}/Hero/Hero.framework",
				"${BUILT_PRODUCTS_DIR}/JSQMessagesViewController/JSQMessagesViewController.framework",
				"${BUILT_PRODUCTS_DIR}/JSQSystemSoundPlayer/JSQSystemSoundPlayer.framework",
				"${BUILT_PRODUCTS_DIR}/JTAppleCalendar/JTAppleCalendar.framework",
				"${BUILT_PRODUCTS_DIR}/NextResponderTextField/NextResponderTextField.framework",
				"${BUILT_PRODUCTS_DIR}/Protobuf/Protobuf.framework",
				"${BUILT_PRODUCTS_DIR}/RSKImageCropper/RSKImageCropper.framework",
				"${BUILT_PRODUCTS_DIR}/Stripe/Stripe.framework",
				"${BUILT_PRODUCTS_DIR}/leveldb-library/leveldb.framework",
				"${BUILT_PRODUCTS_DIR}/nanopb/nanopb.framework",
			);
			name = "[CP] Embed Pods Frameworks";
			outputPaths = (
				"${TARGET_BUILD_DIR}/${FRAMEWORKS_FOLDER_PATH}/Alamofire.framework",
				"${TARGET_BUILD_DIR}/${FRAMEWORKS_FOLDER_PATH}/AlamofireImage.framework",
				"${TARGET_BUILD_DIR}/${FRAMEWORKS_FOLDER_PATH}/Bolts.framework",
				"${TARGET_BUILD_DIR}/${FRAMEWORKS_FOLDER_PATH}/FBSDKCoreKit.framework",
				"${TARGET_BUILD_DIR}/${FRAMEWORKS_FOLDER_PATH}/FBSDKLoginKit.framework",
				"${TARGET_BUILD_DIR}/${FRAMEWORKS_FOLDER_PATH}/GTMSessionFetcher.framework",
				"${TARGET_BUILD_DIR}/${FRAMEWORKS_FOLDER_PATH}/GoogleToolboxForMac.framework",
				"${TARGET_BUILD_DIR}/${FRAMEWORKS_FOLDER_PATH}/Hero.framework",
				"${TARGET_BUILD_DIR}/${FRAMEWORKS_FOLDER_PATH}/JSQMessagesViewController.framework",
				"${TARGET_BUILD_DIR}/${FRAMEWORKS_FOLDER_PATH}/JSQSystemSoundPlayer.framework",
				"${TARGET_BUILD_DIR}/${FRAMEWORKS_FOLDER_PATH}/JTAppleCalendar.framework",
				"${TARGET_BUILD_DIR}/${FRAMEWORKS_FOLDER_PATH}/NextResponderTextField.framework",
				"${TARGET_BUILD_DIR}/${FRAMEWORKS_FOLDER_PATH}/Protobuf.framework",
				"${TARGET_BUILD_DIR}/${FRAMEWORKS_FOLDER_PATH}/RSKImageCropper.framework",
				"${TARGET_BUILD_DIR}/${FRAMEWORKS_FOLDER_PATH}/Stripe.framework",
				"${TARGET_BUILD_DIR}/${FRAMEWORKS_FOLDER_PATH}/leveldb.framework",
				"${TARGET_BUILD_DIR}/${FRAMEWORKS_FOLDER_PATH}/nanopb.framework",
			);
			runOnlyForDeploymentPostprocessing = 0;
			shellPath = /bin/sh;
			shellScript = "\"${SRCROOT}/Pods/Target Support Files/Pods-EscaPAID-Renaissance/Pods-EscaPAID-Renaissance-frameworks.sh\"\n";
			showEnvVarsInLog = 0;
		};
		51FD8F588891DC6252FD90FC /* [CP] Embed Pods Frameworks */ = {
			isa = PBXShellScriptBuildPhase;
			buildActionMask = 2147483647;
			files = (
			);
			inputPaths = (
				"${SRCROOT}/Pods/Target Support Files/Pods-EscaPAID-Tellomee/Pods-EscaPAID-Tellomee-frameworks.sh",
				"${BUILT_PRODUCTS_DIR}/Alamofire/Alamofire.framework",
				"${BUILT_PRODUCTS_DIR}/AlamofireImage/AlamofireImage.framework",
				"${BUILT_PRODUCTS_DIR}/Bolts/Bolts.framework",
				"${BUILT_PRODUCTS_DIR}/FBSDKCoreKit/FBSDKCoreKit.framework",
				"${BUILT_PRODUCTS_DIR}/FBSDKLoginKit/FBSDKLoginKit.framework",
				"${BUILT_PRODUCTS_DIR}/GTMSessionFetcher/GTMSessionFetcher.framework",
				"${BUILT_PRODUCTS_DIR}/GoogleToolboxForMac/GoogleToolboxForMac.framework",
				"${BUILT_PRODUCTS_DIR}/Hero/Hero.framework",
				"${BUILT_PRODUCTS_DIR}/JSQMessagesViewController/JSQMessagesViewController.framework",
				"${BUILT_PRODUCTS_DIR}/JSQSystemSoundPlayer/JSQSystemSoundPlayer.framework",
				"${BUILT_PRODUCTS_DIR}/JTAppleCalendar/JTAppleCalendar.framework",
				"${BUILT_PRODUCTS_DIR}/NextResponderTextField/NextResponderTextField.framework",
				"${BUILT_PRODUCTS_DIR}/Protobuf/Protobuf.framework",
				"${BUILT_PRODUCTS_DIR}/RSKImageCropper/RSKImageCropper.framework",
				"${BUILT_PRODUCTS_DIR}/Stripe/Stripe.framework",
				"${BUILT_PRODUCTS_DIR}/leveldb-library/leveldb.framework",
				"${BUILT_PRODUCTS_DIR}/nanopb/nanopb.framework",
			);
			name = "[CP] Embed Pods Frameworks";
			outputPaths = (
				"${TARGET_BUILD_DIR}/${FRAMEWORKS_FOLDER_PATH}/Alamofire.framework",
				"${TARGET_BUILD_DIR}/${FRAMEWORKS_FOLDER_PATH}/AlamofireImage.framework",
				"${TARGET_BUILD_DIR}/${FRAMEWORKS_FOLDER_PATH}/Bolts.framework",
				"${TARGET_BUILD_DIR}/${FRAMEWORKS_FOLDER_PATH}/FBSDKCoreKit.framework",
				"${TARGET_BUILD_DIR}/${FRAMEWORKS_FOLDER_PATH}/FBSDKLoginKit.framework",
				"${TARGET_BUILD_DIR}/${FRAMEWORKS_FOLDER_PATH}/GTMSessionFetcher.framework",
				"${TARGET_BUILD_DIR}/${FRAMEWORKS_FOLDER_PATH}/GoogleToolboxForMac.framework",
				"${TARGET_BUILD_DIR}/${FRAMEWORKS_FOLDER_PATH}/Hero.framework",
				"${TARGET_BUILD_DIR}/${FRAMEWORKS_FOLDER_PATH}/JSQMessagesViewController.framework",
				"${TARGET_BUILD_DIR}/${FRAMEWORKS_FOLDER_PATH}/JSQSystemSoundPlayer.framework",
				"${TARGET_BUILD_DIR}/${FRAMEWORKS_FOLDER_PATH}/JTAppleCalendar.framework",
				"${TARGET_BUILD_DIR}/${FRAMEWORKS_FOLDER_PATH}/NextResponderTextField.framework",
				"${TARGET_BUILD_DIR}/${FRAMEWORKS_FOLDER_PATH}/Protobuf.framework",
				"${TARGET_BUILD_DIR}/${FRAMEWORKS_FOLDER_PATH}/RSKImageCropper.framework",
				"${TARGET_BUILD_DIR}/${FRAMEWORKS_FOLDER_PATH}/Stripe.framework",
				"${TARGET_BUILD_DIR}/${FRAMEWORKS_FOLDER_PATH}/leveldb.framework",
				"${TARGET_BUILD_DIR}/${FRAMEWORKS_FOLDER_PATH}/nanopb.framework",
			);
			runOnlyForDeploymentPostprocessing = 0;
			shellPath = /bin/sh;
			shellScript = "\"${SRCROOT}/Pods/Target Support Files/Pods-EscaPAID-Tellomee/Pods-EscaPAID-Tellomee-frameworks.sh\"\n";
			showEnvVarsInLog = 0;
		};
		88D7E47BF6E0AB7106EF73D9 /* [CP] Check Pods Manifest.lock */ = {
			isa = PBXShellScriptBuildPhase;
			buildActionMask = 2147483647;
			files = (
			);
			inputPaths = (
				"${PODS_PODFILE_DIR_PATH}/Podfile.lock",
				"${PODS_ROOT}/Manifest.lock",
			);
			name = "[CP] Check Pods Manifest.lock";
			outputPaths = (
				"$(DERIVED_FILE_DIR)/Pods-EscaPAID-Renaissance-checkManifestLockResult.txt",
			);
			runOnlyForDeploymentPostprocessing = 0;
			shellPath = /bin/sh;
			shellScript = "diff \"${PODS_PODFILE_DIR_PATH}/Podfile.lock\" \"${PODS_ROOT}/Manifest.lock\" > /dev/null\nif [ $? != 0 ] ; then\n    # print error to STDERR\n    echo \"error: The sandbox is not in sync with the Podfile.lock. Run 'pod install' or update your CocoaPods installation.\" >&2\n    exit 1\nfi\n# This output is used by Xcode 'outputs' to avoid re-running this script phase.\necho \"SUCCESS\" > \"${SCRIPT_OUTPUT_FILE_0}\"\n";
			showEnvVarsInLog = 0;
		};
		F56DF82873CBF95FE874FB24 /* [CP] Check Pods Manifest.lock */ = {
			isa = PBXShellScriptBuildPhase;
			buildActionMask = 2147483647;
			files = (
			);
			inputPaths = (
				"${PODS_PODFILE_DIR_PATH}/Podfile.lock",
				"${PODS_ROOT}/Manifest.lock",
			);
			name = "[CP] Check Pods Manifest.lock";
			outputPaths = (
				"$(DERIVED_FILE_DIR)/Pods-EscaPAID-Tellomee-checkManifestLockResult.txt",
			);
			runOnlyForDeploymentPostprocessing = 0;
			shellPath = /bin/sh;
			shellScript = "diff \"${PODS_PODFILE_DIR_PATH}/Podfile.lock\" \"${PODS_ROOT}/Manifest.lock\" > /dev/null\nif [ $? != 0 ] ; then\n    # print error to STDERR\n    echo \"error: The sandbox is not in sync with the Podfile.lock. Run 'pod install' or update your CocoaPods installation.\" >&2\n    exit 1\nfi\n# This output is used by Xcode 'outputs' to avoid re-running this script phase.\necho \"SUCCESS\" > \"${SCRIPT_OUTPUT_FILE_0}\"\n";
			showEnvVarsInLog = 0;
		};
/* End PBXShellScriptBuildPhase section */

/* Begin PBXSourcesBuildPhase section */
		E79F05C32059700400889D14 /* Sources */ = {
			isa = PBXSourcesBuildPhase;
			buildActionMask = 2147483647;
			files = (
				E79F05C42059700400889D14 /* ExperienceImageCell.swift in Sources */,
				E79F05C52059700400889D14 /* DateCell.swift in Sources */,
				E79F05C62059700400889D14 /* MainAPIClient.swift in Sources */,
				E79F05C72059700400889D14 /* ReservationVC.swift in Sources */,
				E7CF4DEF206D512A00B7F97E /* GradientView.swift in Sources */,
				E79F05C92059700400889D14 /* ExperienceManager.swift in Sources */,
				E79F05CA2059700400889D14 /* UIAlertController+Utility.swift in Sources */,
				E79F05CB2059700400889D14 /* CreateAccountVC.swift in Sources */,
				E79F05CC2059700400889D14 /* Constants.swift in Sources */,
				E79F05CD2059700400889D14 /* ExperienceVC.swift in Sources */,
				E79F05CE2059700400889D14 /* ReservationsTableVC.swift in Sources */,
				E79F05CF2059700400889D14 /* Experience.swift in Sources */,
				E783B9992087E7A400F2F769 /* ThemedButton.swift in Sources */,
				E79F05D02059700400889D14 /* DaySelectorTableVC.swift in Sources */,
				E783B99C2088F60600F2F769 /* HexagonalImageView.swift in Sources */,
				E79F05D12059700400889D14 /* ReservationProcessor.swift in Sources */,
				E79F05D22059700400889D14 /* FirebaseManager.swift in Sources */,
				E79F05D32059700400889D14 /* ExperienceImageVC.swift in Sources */,
				E79F05D42059700400889D14 /* ThreadManager.swift in Sources */,
				E79F05D52059700400889D14 /* ThreadsTableVC.swift in Sources */,
				E79F05D62059700400889D14 /* ExperienceEditorTableVC.swift in Sources */,
				E79ADAFB2071E5D100C02C0A /* UILabel+Utility.swift in Sources */,
				E79F05D72059700400889D14 /* ProfileEditorTableVC.swift in Sources */,
				E79F05D82059700400889D14 /* SelfContainedPickerView.swift in Sources */,
				E79F05D92059700400889D14 /* SettingsTableVC.swift in Sources */,
				E79F05DA2059700400889D14 /* User.swift in Sources */,
				E7B4CDBD207C26EF00352DB1 /* ExperienceCard.swift in Sources */,
				E79F05DB2059700400889D14 /* DiscoverVC.swift in Sources */,
				E7CF4DF2206D5E7000B7F97E /* UIColor+Utility.swift in Sources */,
				E79F05DC2059700400889D14 /* UICalendar.swift in Sources */,
				E783B9A5208A2E2800F2F769 /* CircularImageView.swift in Sources */,
				E79F05DD2059700400889D14 /* Reservation.swift in Sources */,
				E79F05DE2059700400889D14 /* ChatTableViewCell.swift in Sources */,
				E79F05DF2059700400889D14 /* MyExperiencesTableVC.swift in Sources */,
				E79F05E02059700400889D14 /* TabBarController.swift in Sources */,
				E7B4CDF1207FFBE200352DB1 /* UIImage+Utility.swift in Sources */,
				E783B99F2088F67400F2F769 /* Utils.swift in Sources */,
				E783B9962087DDDF00F2F769 /* ThemedLabel.swift in Sources */,
				E79ADAFE20743F8500C02C0A /* UIScrollingViewController.swift in Sources */,
				E79F05E12059700400889D14 /* ThreadTableViewCell.swift in Sources */,
				E79F05E22059700400889D14 /* ConfirmationTableVC.swift in Sources */,
				E7ED3D192083D70200EBB80A /* ExperienceCardCell.swift in Sources */,
				E79F05E32059700400889D14 /* ChatVC.swift in Sources */,
				E79F05E42059700400889D14 /* PostManager.swift in Sources */,
				E79F05E52059700400889D14 /* LoginVC.swift in Sources */,
				E7CF4DFC206EDF0C00B7F97E /* RoundedButton.swift in Sources */,
				E79F05E62059700400889D14 /* TextGetterController.swift in Sources */,
				E7E45986205993600077C1DE /* Config.swift in Sources */,
				E79F05E72059700400889D14 /* ReservationTableViewCell.swift in Sources */,
				E7ED3D232086D2F400EBB80A /* ProfileVC.swift in Sources */,
				E79F05E82059700400889D14 /* StorageManager.swift in Sources */,
				E79F05E92059700400889D14 /* FavoritesTableVC.swift in Sources */,
				E79F05EA2059700400889D14 /* ReservationManager.swift in Sources */,
				E79F05EB2059700400889D14 /* OriginScreenVC.swift in Sources */,
				E79F05EC2059700400889D14 /* AppDelegate.swift in Sources */,
				E7B4CDAE207BB5A500352DB1 /* CardView.swift in Sources */,
				E79F05ED2059700400889D14 /* Thread.swift in Sources */,
				E79F05EE2059700400889D14 /* ReceiptTableVC.swift in Sources */,
				E79F05EF2059700400889D14 /* CuratorSettingsVC.swift in Sources */,
				E79F05F02059700400889D14 /* Days.swift in Sources */,
				E79F05F12059700400889D14 /* ThreadsNavigationController.swift in Sources */,
			);
			runOnlyForDeploymentPostprocessing = 0;
		};
		E7B9F7351FB6CAAE0058CE61 /* Sources */ = {
			isa = PBXSourcesBuildPhase;
			buildActionMask = 2147483647;
			files = (
				E7D316AA1FD08EF60062E178 /* ExperienceImageCell.swift in Sources */,
				E7B94FA720195F4D00C5FBCB /* DateCell.swift in Sources */,
				E79770E52043816700B2206C /* MainAPIClient.swift in Sources */,
				E7B94FA520195C1E00C5FBCB /* ReservationVC.swift in Sources */,
				E77A736E204875A200AE0DE4 /* ExperienceManager.swift in Sources */,
				E79770E82044774100B2206C /* UIAlertController+Utility.swift in Sources */,
				E77077321FBD0F7F00B3F2E1 /* CreateAccountVC.swift in Sources */,
				E7D0A7841FDB573D008319CF /* Constants.swift in Sources */,
				E7E22E911FC74C9200FD88FF /* ExperienceVC.swift in Sources */,
				E79FA59F202A69050060B44D /* ReservationsTableVC.swift in Sources */,
				E72B248F1FC65B3800DE0897 /* Experience.swift in Sources */,
				E712DE4420154F1C00661DE7 /* DaySelectorTableVC.swift in Sources */,
				E783B9982087E7A400F2F769 /* ThemedButton.swift in Sources */,
				E79FA59520290E3D0060B44D /* ReservationProcessor.swift in Sources */,
				E783B99B2088F60600F2F769 /* HexagonalImageView.swift in Sources */,
				E7F9A0861FB74CEB00916FBA /* FirebaseManager.swift in Sources */,
				E7D316881FCF246A0062E178 /* ExperienceImageVC.swift in Sources */,
				E77A7369204875A200AE0DE4 /* ThreadManager.swift in Sources */,
				E7F9A0801FB6E1C900916FBA /* ThreadsTableVC.swift in Sources */,
				E71F33AA2004650800312B91 /* ExperienceEditorTableVC.swift in Sources */,
				E73BDABF1FFD52D800D1F209 /* ProfileEditorTableVC.swift in Sources */,
				E79ADAFA2071BFD400C02C0A /* UILabel+Utility.swift in Sources */,
				E79D653C1FE9CD0000267E0C /* SelfContainedPickerView.swift in Sources */,
				E751E0E31FD3319400CBB416 /* SettingsTableVC.swift in Sources */,
				E74549941FB78AE200A6A32C /* User.swift in Sources */,
				E72B24891FC6539A00DE0897 /* DiscoverVC.swift in Sources */,
				E7B4CDBC207C26EF00352DB1 /* ExperienceCard.swift in Sources */,
				E7238A662022524300496FBC /* UICalendar.swift in Sources */,
				E7CF4DF1206D5E7000B7F97E /* UIColor+Utility.swift in Sources */,
				E79FA59720290EA50060B44D /* Reservation.swift in Sources */,
				E783B9A4208A2E2800F2F769 /* CircularImageView.swift in Sources */,
				E74549921FB758B300A6A32C /* ChatTableViewCell.swift in Sources */,
				E7FE89F61FCCF284008ADCEF /* MyExperiencesTableVC.swift in Sources */,
				E71F33A82004509800312B91 /* TabBarController.swift in Sources */,
				E745499A1FB8B1BE00A6A32C /* ThreadTableViewCell.swift in Sources */,
				E7B4CDF0207FFBE200352DB1 /* UIImage+Utility.swift in Sources */,
				E783B99E2088F67400F2F769 /* Utils.swift in Sources */,
				E783B9952087DDDF00F2F769 /* ThemedLabel.swift in Sources */,
				E79ADAFD20743F8500C02C0A /* UIScrollingViewController.swift in Sources */,
				E79FA5912025398C0060B44D /* ConfirmationTableVC.swift in Sources */,
				E7F9A0821FB7378B00916FBA /* ChatVC.swift in Sources */,
				E7ED3D182083D70200EBB80A /* ExperienceCardCell.swift in Sources */,
				E77A736B204875A200AE0DE4 /* PostManager.swift in Sources */,
				E72D8E531FBCC5C1001026D6 /* LoginVC.swift in Sources */,
				E71F33A520017CAA00312B91 /* TextGetterController.swift in Sources */,
				E7CF4DFB206EDF0C00B7F97E /* RoundedButton.swift in Sources */,
				E7E45985205993600077C1DE /* Config.swift in Sources */,
				E79FA5A3202A6AB90060B44D /* ReservationTableViewCell.swift in Sources */,
				E77A736A204875A200AE0DE4 /* StorageManager.swift in Sources */,
				E7ED3D222086D2F400EBB80A /* ProfileVC.swift in Sources */,
				E7CF4DE0206CA31B00B7F97E /* GradientView.swift in Sources */,
				E774C83C2037877E00F98EB2 /* FavoritesTableVC.swift in Sources */,
				E77A736D204875A200AE0DE4 /* ReservationManager.swift in Sources */,
				E77077341FBD179C00B3F2E1 /* OriginScreenVC.swift in Sources */,
				E7B9F73D1FB6CAAE0058CE61 /* AppDelegate.swift in Sources */,
				E7B4CDAD207BB4C400352DB1 /* CardView.swift in Sources */,
				E723DD871FC3E17800B4345E /* Thread.swift in Sources */,
				E728EA35202BB6C30041F6AC /* ReceiptTableVC.swift in Sources */,
				E7F585F81FCCDECE00536EF5 /* CuratorSettingsVC.swift in Sources */,
				E712DE462015622500661DE7 /* Days.swift in Sources */,
				E732DA931FC8DCC400BCF691 /* ThreadsNavigationController.swift in Sources */,
			);
			runOnlyForDeploymentPostprocessing = 0;
		};
/* End PBXSourcesBuildPhase section */

/* Begin PBXVariantGroup section */
		E7B9F7401FB6CAAF0058CE61 /* Main.storyboard */ = {
			isa = PBXVariantGroup;
			children = (
				E7B9F7411FB6CAAF0058CE61 /* Base */,
			);
			name = Main.storyboard;
			sourceTree = "<group>";
		};
		E7B9F7481FB6CAAF0058CE61 /* LaunchScreen.storyboard */ = {
			isa = PBXVariantGroup;
			children = (
				E7B9F7491FB6CAAF0058CE61 /* Base */,
			);
			name = LaunchScreen.storyboard;
			sourceTree = "<group>";
		};
		E7D3D79520362E0E00F91CC4 /* ProfileEditor.storyboard */ = {
			isa = PBXVariantGroup;
			children = (
				E7D3D79620362E0E00F91CC4 /* Base */,
			);
			name = ProfileEditor.storyboard;
			sourceTree = "<group>";
		};
		E7D3D79820362EF400F91CC4 /* Reservations.storyboard */ = {
			isa = PBXVariantGroup;
			children = (
				E7D3D79920362EF400F91CC4 /* Base */,
			);
			name = Reservations.storyboard;
			sourceTree = "<group>";
		};
		E7D3D79B20362FCC00F91CC4 /* ExperienceEditor.storyboard */ = {
			isa = PBXVariantGroup;
			children = (
				E7D3D79C20362FCC00F91CC4 /* Base */,
			);
			name = ExperienceEditor.storyboard;
			sourceTree = "<group>";
		};
/* End PBXVariantGroup section */

/* Begin XCBuildConfiguration section */
		E79F060B2059700400889D14 /* Debug */ = {
			isa = XCBuildConfiguration;
			baseConfigurationReference = ECA6BDE2DF7F3ACAE509701E /* Pods-EscaPAID-Renaissance.debug.xcconfig */;
			buildSettings = {
				ASSETCATALOG_COMPILER_APPICON_NAME = "AppIcon-Renaissance";
				CLANG_ENABLE_MODULES = YES;
				CODE_SIGN_ENTITLEMENTS = Renaissance.entitlements;
				CODE_SIGN_STYLE = Automatic;
				DEVELOPMENT_TEAM = 9Y8K76T269;
				INFOPLIST_FILE = "$(SRCROOT)/EscaPAID/Supporting Files/Renaissance-Info.plist";
				IPHONEOS_DEPLOYMENT_TARGET = 11.2;
				LD_RUNPATH_SEARCH_PATHS = "$(inherited) @executable_path/Frameworks";
				NEW_SETTING = "";
				PRODUCT_BUNDLE_IDENTIFIER = me.puffinlabs.Renaissance;
				PRODUCT_NAME = "$(TARGET_NAME)";
				SWIFT_OBJC_BRIDGING_HEADER = "EscaPAID/EscaPAID-Bridging-Header.h";
				SWIFT_OPTIMIZATION_LEVEL = "-Onone";
				SWIFT_VERSION = 4.0;
				TARGETED_DEVICE_FAMILY = "1,2";
			};
			name = Debug;
		};
		E79F060C2059700400889D14 /* Release */ = {
			isa = XCBuildConfiguration;
			baseConfigurationReference = EB6BDD587A2A54747961A1BE /* Pods-EscaPAID-Renaissance.release.xcconfig */;
			buildSettings = {
				ASSETCATALOG_COMPILER_APPICON_NAME = "AppIcon-Renaissance";
				CLANG_ENABLE_MODULES = YES;
				CODE_SIGN_ENTITLEMENTS = Renaissance.entitlements;
				CODE_SIGN_IDENTITY = "iPhone Developer";
				CODE_SIGN_STYLE = Automatic;
				DEVELOPMENT_TEAM = 9Y8K76T269;
				INFOPLIST_FILE = "$(SRCROOT)/EscaPAID/Supporting Files/Renaissance-Info.plist";
				IPHONEOS_DEPLOYMENT_TARGET = 11.2;
				LD_RUNPATH_SEARCH_PATHS = "$(inherited) @executable_path/Frameworks";
				NEW_SETTING = "";
				PRODUCT_BUNDLE_IDENTIFIER = me.puffinlabs.Renaissance;
				PRODUCT_NAME = "$(TARGET_NAME)";
				SWIFT_OBJC_BRIDGING_HEADER = "EscaPAID/EscaPAID-Bridging-Header.h";
				SWIFT_VERSION = 4.0;
				TARGETED_DEVICE_FAMILY = "1,2";
			};
			name = Release;
		};
		E7B9F74C1FB6CAAF0058CE61 /* Debug */ = {
			isa = XCBuildConfiguration;
			buildSettings = {
				ALWAYS_SEARCH_USER_PATHS = NO;
				CLANG_ANALYZER_NONNULL = YES;
				CLANG_ANALYZER_NUMBER_OBJECT_CONVERSION = YES_AGGRESSIVE;
				CLANG_CXX_LANGUAGE_STANDARD = "gnu++14";
				CLANG_CXX_LIBRARY = "libc++";
				CLANG_ENABLE_MODULES = YES;
				CLANG_ENABLE_OBJC_ARC = YES;
				CLANG_WARN_BLOCK_CAPTURE_AUTORELEASING = YES;
				CLANG_WARN_BOOL_CONVERSION = YES;
				CLANG_WARN_COMMA = YES;
				CLANG_WARN_CONSTANT_CONVERSION = YES;
				CLANG_WARN_DIRECT_OBJC_ISA_USAGE = YES_ERROR;
				CLANG_WARN_DOCUMENTATION_COMMENTS = YES;
				CLANG_WARN_EMPTY_BODY = YES;
				CLANG_WARN_ENUM_CONVERSION = YES;
				CLANG_WARN_INFINITE_RECURSION = YES;
				CLANG_WARN_INT_CONVERSION = YES;
				CLANG_WARN_NON_LITERAL_NULL_CONVERSION = YES;
				CLANG_WARN_OBJC_LITERAL_CONVERSION = YES;
				CLANG_WARN_OBJC_ROOT_CLASS = YES_ERROR;
				CLANG_WARN_RANGE_LOOP_ANALYSIS = YES;
				CLANG_WARN_STRICT_PROTOTYPES = YES;
				CLANG_WARN_SUSPICIOUS_MOVE = YES;
				CLANG_WARN_UNGUARDED_AVAILABILITY = YES_AGGRESSIVE;
				CLANG_WARN_UNREACHABLE_CODE = YES;
				CLANG_WARN__DUPLICATE_METHOD_MATCH = YES;
				CODE_SIGN_IDENTITY = "iPhone Developer";
				COPY_PHASE_STRIP = NO;
				DEBUG_INFORMATION_FORMAT = dwarf;
				ENABLE_STRICT_OBJC_MSGSEND = YES;
				ENABLE_TESTABILITY = YES;
				GCC_C_LANGUAGE_STANDARD = gnu11;
				GCC_DYNAMIC_NO_PIC = NO;
				GCC_NO_COMMON_BLOCKS = YES;
				GCC_OPTIMIZATION_LEVEL = 0;
				GCC_PREPROCESSOR_DEFINITIONS = (
					"DEBUG=1",
					"$(inherited)",
				);
				GCC_WARN_64_TO_32_BIT_CONVERSION = YES;
				GCC_WARN_ABOUT_RETURN_TYPE = YES_ERROR;
				GCC_WARN_UNDECLARED_SELECTOR = YES;
				GCC_WARN_UNINITIALIZED_AUTOS = YES_AGGRESSIVE;
				GCC_WARN_UNUSED_FUNCTION = YES;
				GCC_WARN_UNUSED_VARIABLE = YES;
				IPHONEOS_DEPLOYMENT_TARGET = 11.1;
				MTL_ENABLE_DEBUG_INFO = YES;
				ONLY_ACTIVE_ARCH = YES;
				SDKROOT = iphoneos;
				SWIFT_ACTIVE_COMPILATION_CONDITIONS = DEBUG;
				SWIFT_OPTIMIZATION_LEVEL = "-Onone";
			};
			name = Debug;
		};
		E7B9F74D1FB6CAAF0058CE61 /* Release */ = {
			isa = XCBuildConfiguration;
			buildSettings = {
				ALWAYS_SEARCH_USER_PATHS = NO;
				CLANG_ANALYZER_NONNULL = YES;
				CLANG_ANALYZER_NUMBER_OBJECT_CONVERSION = YES_AGGRESSIVE;
				CLANG_CXX_LANGUAGE_STANDARD = "gnu++14";
				CLANG_CXX_LIBRARY = "libc++";
				CLANG_ENABLE_MODULES = YES;
				CLANG_ENABLE_OBJC_ARC = YES;
				CLANG_WARN_BLOCK_CAPTURE_AUTORELEASING = YES;
				CLANG_WARN_BOOL_CONVERSION = YES;
				CLANG_WARN_COMMA = YES;
				CLANG_WARN_CONSTANT_CONVERSION = YES;
				CLANG_WARN_DIRECT_OBJC_ISA_USAGE = YES_ERROR;
				CLANG_WARN_DOCUMENTATION_COMMENTS = YES;
				CLANG_WARN_EMPTY_BODY = YES;
				CLANG_WARN_ENUM_CONVERSION = YES;
				CLANG_WARN_INFINITE_RECURSION = YES;
				CLANG_WARN_INT_CONVERSION = YES;
				CLANG_WARN_NON_LITERAL_NULL_CONVERSION = YES;
				CLANG_WARN_OBJC_LITERAL_CONVERSION = YES;
				CLANG_WARN_OBJC_ROOT_CLASS = YES_ERROR;
				CLANG_WARN_RANGE_LOOP_ANALYSIS = YES;
				CLANG_WARN_STRICT_PROTOTYPES = YES;
				CLANG_WARN_SUSPICIOUS_MOVE = YES;
				CLANG_WARN_UNGUARDED_AVAILABILITY = YES_AGGRESSIVE;
				CLANG_WARN_UNREACHABLE_CODE = YES;
				CLANG_WARN__DUPLICATE_METHOD_MATCH = YES;
				CODE_SIGN_IDENTITY = "iPhone Developer";
				COPY_PHASE_STRIP = NO;
				DEBUG_INFORMATION_FORMAT = "dwarf-with-dsym";
				ENABLE_NS_ASSERTIONS = NO;
				ENABLE_STRICT_OBJC_MSGSEND = YES;
				GCC_C_LANGUAGE_STANDARD = gnu11;
				GCC_NO_COMMON_BLOCKS = YES;
				GCC_WARN_64_TO_32_BIT_CONVERSION = YES;
				GCC_WARN_ABOUT_RETURN_TYPE = YES_ERROR;
				GCC_WARN_UNDECLARED_SELECTOR = YES;
				GCC_WARN_UNINITIALIZED_AUTOS = YES_AGGRESSIVE;
				GCC_WARN_UNUSED_FUNCTION = YES;
				GCC_WARN_UNUSED_VARIABLE = YES;
				IPHONEOS_DEPLOYMENT_TARGET = 11.1;
				MTL_ENABLE_DEBUG_INFO = NO;
				SDKROOT = iphoneos;
				SWIFT_OPTIMIZATION_LEVEL = "-Owholemodule";
				VALIDATE_PRODUCT = YES;
			};
			name = Release;
		};
		E7B9F74F1FB6CAAF0058CE61 /* Debug */ = {
			isa = XCBuildConfiguration;
			baseConfigurationReference = C84B14F7DCB2E3D31E9D8EC8 /* Pods-EscaPAID-Tellomee.debug.xcconfig */;
			buildSettings = {
				ASSETCATALOG_COMPILER_APPICON_NAME = "AppIcon-Tellomee";
				CLANG_ENABLE_MODULES = YES;
				CODE_SIGN_ENTITLEMENTS = Tellomee.entitlements;
				CODE_SIGN_STYLE = Automatic;
				DEVELOPMENT_TEAM = 9Y8K76T269;
				INFOPLIST_FILE = "$(SRCROOT)/EscaPAID/Supporting Files/Tellomee-Info.plist";
				IPHONEOS_DEPLOYMENT_TARGET = 11.2;
				LD_RUNPATH_SEARCH_PATHS = "$(inherited) @executable_path/Frameworks";
				NEW_SETTING = "";
				PRODUCT_BUNDLE_IDENTIFIER = me.puffinlabs.Tellomee;
				PRODUCT_NAME = "$(TARGET_NAME)";
				SWIFT_OBJC_BRIDGING_HEADER = "EscaPAID/EscaPAID-Bridging-Header.h";
				SWIFT_OPTIMIZATION_LEVEL = "-Onone";
				SWIFT_VERSION = 4.0;
				TARGETED_DEVICE_FAMILY = "1,2";
			};
			name = Debug;
		};
		E7B9F7501FB6CAAF0058CE61 /* Release */ = {
			isa = XCBuildConfiguration;
			baseConfigurationReference = 56DC2A49DCA86525E8B9F95C /* Pods-EscaPAID-Tellomee.release.xcconfig */;
			buildSettings = {
				ASSETCATALOG_COMPILER_APPICON_NAME = "AppIcon-Tellomee";
				CLANG_ENABLE_MODULES = YES;
				CODE_SIGN_ENTITLEMENTS = Tellomee.entitlements;
				CODE_SIGN_IDENTITY = "iPhone Developer";
				CODE_SIGN_STYLE = Automatic;
				DEVELOPMENT_TEAM = 9Y8K76T269;
				INFOPLIST_FILE = "$(SRCROOT)/EscaPAID/Supporting Files/Tellomee-Info.plist";
				IPHONEOS_DEPLOYMENT_TARGET = 11.2;
				LD_RUNPATH_SEARCH_PATHS = "$(inherited) @executable_path/Frameworks";
				NEW_SETTING = "";
				PRODUCT_BUNDLE_IDENTIFIER = me.puffinlabs.Tellomee;
				PRODUCT_NAME = "$(TARGET_NAME)";
				SWIFT_OBJC_BRIDGING_HEADER = "EscaPAID/EscaPAID-Bridging-Header.h";
				SWIFT_VERSION = 4.0;
				TARGETED_DEVICE_FAMILY = "1,2";
			};
			name = Release;
		};
/* End XCBuildConfiguration section */

/* Begin XCConfigurationList section */
		E79F060A2059700400889D14 /* Build configuration list for PBXNativeTarget "Renaissance" */ = {
			isa = XCConfigurationList;
			buildConfigurations = (
				E79F060B2059700400889D14 /* Debug */,
				E79F060C2059700400889D14 /* Release */,
			);
			defaultConfigurationIsVisible = 0;
			defaultConfigurationName = Release;
		};
		E7B9F7341FB6CAAE0058CE61 /* Build configuration list for PBXProject "EscaPAID" */ = {
			isa = XCConfigurationList;
			buildConfigurations = (
				E7B9F74C1FB6CAAF0058CE61 /* Debug */,
				E7B9F74D1FB6CAAF0058CE61 /* Release */,
			);
			defaultConfigurationIsVisible = 0;
			defaultConfigurationName = Release;
		};
		E7B9F74E1FB6CAAF0058CE61 /* Build configuration list for PBXNativeTarget "Tellomee" */ = {
			isa = XCConfigurationList;
			buildConfigurations = (
				E7B9F74F1FB6CAAF0058CE61 /* Debug */,
				E7B9F7501FB6CAAF0058CE61 /* Release */,
			);
			defaultConfigurationIsVisible = 0;
			defaultConfigurationName = Release;
		};
/* End XCConfigurationList section */
	};
	rootObject = E7B9F7311FB6CAAE0058CE61 /* Project object */;
}
